// !$*UTF8*$!
{
	archiveVersion = 1;
	classes = {
	};
	objectVersion = 50;
	objects = {

/* Begin PBXBuildFile section */
		1BFBA7AB1A7F595317AE6E51 /* Pods_CloudNotesTests.framework in Frameworks */ = {isa = PBXBuildFile; fileRef = C2FDDF8F0F3D737F7EF16DD5 /* Pods_CloudNotesTests.framework */; };
		2B1DE3CE26E26E76007EE40A /* .swiftlint.yml in Resources */ = {isa = PBXBuildFile; fileRef = 2B1DE3CD26E26E76007EE40A /* .swiftlint.yml */; };
		2B1DE3D326E398BB007EE40A /* MemoListTableViewCell.swift in Sources */ = {isa = PBXBuildFile; fileRef = 2B1DE3D226E398BB007EE40A /* MemoListTableViewCell.swift */; };
		2B1DE3D526E3D04A007EE40A /* ContentViewController.swift in Sources */ = {isa = PBXBuildFile; fileRef = 2B1DE3D426E3D04A007EE40A /* ContentViewController.swift */; };
		2B45493B26E3E06E00C73674 /* sample.json in Resources */ = {isa = PBXBuildFile; fileRef = 2B45493A26E3E06E00C73674 /* sample.json */; };
		2B45493F26E3E0A900C73674 /* SampleDatas.swift in Sources */ = {isa = PBXBuildFile; fileRef = 2B45493E26E3E0A900C73674 /* SampleDatas.swift */; };
		2B4549C426E7FDA500C73674 /* SplitViewController.swift in Sources */ = {isa = PBXBuildFile; fileRef = 2B4549C326E7FDA500C73674 /* SplitViewController.swift */; };
		2B59571726E82A640054469D /* MemoListTableViewControllerDelegate.swift in Sources */ = {isa = PBXBuildFile; fileRef = 2B59571626E82A640054469D /* MemoListTableViewControllerDelegate.swift */; };
		2B59571D26E8FE9D0054469D /* UIView+setConstraint.swift in Sources */ = {isa = PBXBuildFile; fileRef = 2B59571C26E8FE9D0054469D /* UIView+setConstraint.swift */; };
		2B59588226EEA5FD0054469D /* DataManager.swift in Sources */ = {isa = PBXBuildFile; fileRef = 2B59588126EEA5FD0054469D /* DataManager.swift */; };
		2B59594626F165460054469D /* UIAlertController+addAction.swift in Sources */ = {isa = PBXBuildFile; fileRef = 2B59594526F165460054469D /* UIAlertController+addAction.swift */; };
		2B59594826F24F060054469D /* UIViewController+alert.swift in Sources */ = {isa = PBXBuildFile; fileRef = 2B59594726F24F060054469D /* UIViewController+alert.swift */; };
		2B595A5526F6F3480054469D /* Notification.Name + Init.swift in Sources */ = {isa = PBXBuildFile; fileRef = 2B595A5426F6F3480054469D /* Notification.Name + Init.swift */; };
		2BE9DB6827008967001A5801 /* MemoListBranching.swift in Sources */ = {isa = PBXBuildFile; fileRef = 2BE9DB6727008967001A5801 /* MemoListBranching.swift */; };
		4B05B7D9B73FFF590011BA22 /* Pods_CloudNotes_CloudNotesUITests.framework in Frameworks */ = {isa = PBXBuildFile; fileRef = 2DE54D465AF067DBB9A8D248 /* Pods_CloudNotes_CloudNotesUITests.framework */; };
		BBA2B71B1245B2F1EA5F42B8 /* Pods_CloudNotes.framework in Frameworks */ = {isa = PBXBuildFile; fileRef = 1AB640E857FB856A153A13C5 /* Pods_CloudNotes.framework */; };
		C7481C6E25BBCF3900B9CA55 /* AppDelegate.swift in Sources */ = {isa = PBXBuildFile; fileRef = C7481C6D25BBCF3900B9CA55 /* AppDelegate.swift */; };
		C7481C7025BBCF3900B9CA55 /* SceneDelegate.swift in Sources */ = {isa = PBXBuildFile; fileRef = C7481C6F25BBCF3900B9CA55 /* SceneDelegate.swift */; };
		C7481C7225BBCF3900B9CA55 /* MemoListTableViewController.swift in Sources */ = {isa = PBXBuildFile; fileRef = C7481C7125BBCF3900B9CA55 /* MemoListTableViewController.swift */; };
		C7481C7525BBCF3900B9CA55 /* Main.storyboard in Resources */ = {isa = PBXBuildFile; fileRef = C7481C7325BBCF3900B9CA55 /* Main.storyboard */; };
		C7481C7825BBCF3900B9CA55 /* CloudNotes.xcdatamodeld in Sources */ = {isa = PBXBuildFile; fileRef = C7481C7625BBCF3900B9CA55 /* CloudNotes.xcdatamodeld */; };
		C7481C7A25BBCF3A00B9CA55 /* Assets.xcassets in Resources */ = {isa = PBXBuildFile; fileRef = C7481C7925BBCF3A00B9CA55 /* Assets.xcassets */; };
		C7481C7D25BBCF3A00B9CA55 /* LaunchScreen.storyboard in Resources */ = {isa = PBXBuildFile; fileRef = C7481C7B25BBCF3A00B9CA55 /* LaunchScreen.storyboard */; };
		C7481C8825BBCF3A00B9CA55 /* CloudNotesTests.swift in Sources */ = {isa = PBXBuildFile; fileRef = C7481C8725BBCF3A00B9CA55 /* CloudNotesTests.swift */; };
		C7481C9325BBCF3A00B9CA55 /* CloudNotesUITests.swift in Sources */ = {isa = PBXBuildFile; fileRef = C7481C9225BBCF3A00B9CA55 /* CloudNotesUITests.swift */; };
/* End PBXBuildFile section */

/* Begin PBXContainerItemProxy section */
		C7481C8425BBCF3A00B9CA55 /* PBXContainerItemProxy */ = {
			isa = PBXContainerItemProxy;
			containerPortal = C7481C6225BBCF3900B9CA55 /* Project object */;
			proxyType = 1;
			remoteGlobalIDString = C7481C6925BBCF3900B9CA55;
			remoteInfo = CloudNotes;
		};
		C7481C8F25BBCF3A00B9CA55 /* PBXContainerItemProxy */ = {
			isa = PBXContainerItemProxy;
			containerPortal = C7481C6225BBCF3900B9CA55 /* Project object */;
			proxyType = 1;
			remoteGlobalIDString = C7481C6925BBCF3900B9CA55;
			remoteInfo = CloudNotes;
		};
/* End PBXContainerItemProxy section */

/* Begin PBXFileReference section */
		1AB640E857FB856A153A13C5 /* Pods_CloudNotes.framework */ = {isa = PBXFileReference; explicitFileType = wrapper.framework; includeInIndex = 0; path = Pods_CloudNotes.framework; sourceTree = BUILT_PRODUCTS_DIR; };
		2B1DE3CD26E26E76007EE40A /* .swiftlint.yml */ = {isa = PBXFileReference; lastKnownFileType = text.yaml; path = .swiftlint.yml; sourceTree = "<group>"; };
		2B1DE3D226E398BB007EE40A /* MemoListTableViewCell.swift */ = {isa = PBXFileReference; lastKnownFileType = sourcecode.swift; path = MemoListTableViewCell.swift; sourceTree = "<group>"; };
		2B1DE3D426E3D04A007EE40A /* ContentViewController.swift */ = {isa = PBXFileReference; lastKnownFileType = sourcecode.swift; path = ContentViewController.swift; sourceTree = "<group>"; };
		2B45493A26E3E06E00C73674 /* sample.json */ = {isa = PBXFileReference; fileEncoding = 4; lastKnownFileType = text.json; path = sample.json; sourceTree = "<group>"; };
		2B45493E26E3E0A900C73674 /* SampleDatas.swift */ = {isa = PBXFileReference; lastKnownFileType = sourcecode.swift; path = SampleDatas.swift; sourceTree = "<group>"; };
		2B4549C326E7FDA500C73674 /* SplitViewController.swift */ = {isa = PBXFileReference; lastKnownFileType = sourcecode.swift; path = SplitViewController.swift; sourceTree = "<group>"; };
		2B59571626E82A640054469D /* MemoListTableViewControllerDelegate.swift */ = {isa = PBXFileReference; lastKnownFileType = sourcecode.swift; path = MemoListTableViewControllerDelegate.swift; sourceTree = "<group>"; };
		2B59571C26E8FE9D0054469D /* UIView+setConstraint.swift */ = {isa = PBXFileReference; lastKnownFileType = sourcecode.swift; path = "UIView+setConstraint.swift"; sourceTree = "<group>"; };
		2B59588126EEA5FD0054469D /* DataManager.swift */ = {isa = PBXFileReference; lastKnownFileType = sourcecode.swift; path = DataManager.swift; sourceTree = "<group>"; };
		2B59594526F165460054469D /* UIAlertController+addAction.swift */ = {isa = PBXFileReference; lastKnownFileType = sourcecode.swift; path = "UIAlertController+addAction.swift"; sourceTree = "<group>"; };
		2B59594726F24F060054469D /* UIViewController+alert.swift */ = {isa = PBXFileReference; lastKnownFileType = sourcecode.swift; path = "UIViewController+alert.swift"; sourceTree = "<group>"; };
		2B595A5426F6F3480054469D /* Notification.Name + Init.swift */ = {isa = PBXFileReference; lastKnownFileType = sourcecode.swift; path = "Notification.Name + Init.swift"; sourceTree = "<group>"; };
		2BE9DB6727008967001A5801 /* MemoListBranching.swift */ = {isa = PBXFileReference; lastKnownFileType = sourcecode.swift; path = MemoListBranching.swift; sourceTree = "<group>"; };
		2DE54D465AF067DBB9A8D248 /* Pods_CloudNotes_CloudNotesUITests.framework */ = {isa = PBXFileReference; explicitFileType = wrapper.framework; includeInIndex = 0; path = Pods_CloudNotes_CloudNotesUITests.framework; sourceTree = BUILT_PRODUCTS_DIR; };
		87F5CD4741871E09B50500B4 /* Pods-CloudNotes.debug.xcconfig */ = {isa = PBXFileReference; includeInIndex = 1; lastKnownFileType = text.xcconfig; name = "Pods-CloudNotes.debug.xcconfig"; path = "Target Support Files/Pods-CloudNotes/Pods-CloudNotes.debug.xcconfig"; sourceTree = "<group>"; };
		91845B14BDF210DB2956ED0B /* Pods-CloudNotesTests.release.xcconfig */ = {isa = PBXFileReference; includeInIndex = 1; lastKnownFileType = text.xcconfig; name = "Pods-CloudNotesTests.release.xcconfig"; path = "Target Support Files/Pods-CloudNotesTests/Pods-CloudNotesTests.release.xcconfig"; sourceTree = "<group>"; };
		A72528BD0F9BBFBC68C221D6 /* Pods-CloudNotes.release.xcconfig */ = {isa = PBXFileReference; includeInIndex = 1; lastKnownFileType = text.xcconfig; name = "Pods-CloudNotes.release.xcconfig"; path = "Target Support Files/Pods-CloudNotes/Pods-CloudNotes.release.xcconfig"; sourceTree = "<group>"; };
		B347C133B91D791A24B1E670 /* Pods-CloudNotesTests.debug.xcconfig */ = {isa = PBXFileReference; includeInIndex = 1; lastKnownFileType = text.xcconfig; name = "Pods-CloudNotesTests.debug.xcconfig"; path = "Target Support Files/Pods-CloudNotesTests/Pods-CloudNotesTests.debug.xcconfig"; sourceTree = "<group>"; };
		C2FDDF8F0F3D737F7EF16DD5 /* Pods_CloudNotesTests.framework */ = {isa = PBXFileReference; explicitFileType = wrapper.framework; includeInIndex = 0; path = Pods_CloudNotesTests.framework; sourceTree = BUILT_PRODUCTS_DIR; };
		C7481C6A25BBCF3900B9CA55 /* CloudNotes.app */ = {isa = PBXFileReference; explicitFileType = wrapper.application; includeInIndex = 0; path = CloudNotes.app; sourceTree = BUILT_PRODUCTS_DIR; };
		C7481C6D25BBCF3900B9CA55 /* AppDelegate.swift */ = {isa = PBXFileReference; lastKnownFileType = sourcecode.swift; path = AppDelegate.swift; sourceTree = "<group>"; };
		C7481C6F25BBCF3900B9CA55 /* SceneDelegate.swift */ = {isa = PBXFileReference; lastKnownFileType = sourcecode.swift; path = SceneDelegate.swift; sourceTree = "<group>"; };
		C7481C7125BBCF3900B9CA55 /* MemoListTableViewController.swift */ = {isa = PBXFileReference; lastKnownFileType = sourcecode.swift; path = MemoListTableViewController.swift; sourceTree = "<group>"; };
		C7481C7425BBCF3900B9CA55 /* Base */ = {isa = PBXFileReference; lastKnownFileType = file.storyboard; name = Base; path = Base.lproj/Main.storyboard; sourceTree = "<group>"; };
		C7481C7725BBCF3900B9CA55 /* CloudNotes.xcdatamodel */ = {isa = PBXFileReference; lastKnownFileType = wrapper.xcdatamodel; path = CloudNotes.xcdatamodel; sourceTree = "<group>"; };
		C7481C7925BBCF3A00B9CA55 /* Assets.xcassets */ = {isa = PBXFileReference; lastKnownFileType = folder.assetcatalog; path = Assets.xcassets; sourceTree = "<group>"; };
		C7481C7C25BBCF3A00B9CA55 /* Base */ = {isa = PBXFileReference; lastKnownFileType = file.storyboard; name = Base; path = Base.lproj/LaunchScreen.storyboard; sourceTree = "<group>"; };
		C7481C7E25BBCF3A00B9CA55 /* Info.plist */ = {isa = PBXFileReference; lastKnownFileType = text.plist.xml; path = Info.plist; sourceTree = "<group>"; };
		C7481C8325BBCF3A00B9CA55 /* CloudNotesTests.xctest */ = {isa = PBXFileReference; explicitFileType = wrapper.cfbundle; includeInIndex = 0; path = CloudNotesTests.xctest; sourceTree = BUILT_PRODUCTS_DIR; };
		C7481C8725BBCF3A00B9CA55 /* CloudNotesTests.swift */ = {isa = PBXFileReference; lastKnownFileType = sourcecode.swift; path = CloudNotesTests.swift; sourceTree = "<group>"; };
		C7481C8925BBCF3A00B9CA55 /* Info.plist */ = {isa = PBXFileReference; lastKnownFileType = text.plist.xml; path = Info.plist; sourceTree = "<group>"; };
		C7481C8E25BBCF3A00B9CA55 /* CloudNotesUITests.xctest */ = {isa = PBXFileReference; explicitFileType = wrapper.cfbundle; includeInIndex = 0; path = CloudNotesUITests.xctest; sourceTree = BUILT_PRODUCTS_DIR; };
		C7481C9225BBCF3A00B9CA55 /* CloudNotesUITests.swift */ = {isa = PBXFileReference; lastKnownFileType = sourcecode.swift; path = CloudNotesUITests.swift; sourceTree = "<group>"; };
		C7481C9425BBCF3A00B9CA55 /* Info.plist */ = {isa = PBXFileReference; lastKnownFileType = text.plist.xml; path = Info.plist; sourceTree = "<group>"; };
		C9094FD497EE1A5723F2F91E /* Pods-CloudNotes-CloudNotesUITests.debug.xcconfig */ = {isa = PBXFileReference; includeInIndex = 1; lastKnownFileType = text.xcconfig; name = "Pods-CloudNotes-CloudNotesUITests.debug.xcconfig"; path = "Target Support Files/Pods-CloudNotes-CloudNotesUITests/Pods-CloudNotes-CloudNotesUITests.debug.xcconfig"; sourceTree = "<group>"; };
		E8356D4E814A7620022459D9 /* Pods-CloudNotes-CloudNotesUITests.release.xcconfig */ = {isa = PBXFileReference; includeInIndex = 1; lastKnownFileType = text.xcconfig; name = "Pods-CloudNotes-CloudNotesUITests.release.xcconfig"; path = "Target Support Files/Pods-CloudNotes-CloudNotesUITests/Pods-CloudNotes-CloudNotesUITests.release.xcconfig"; sourceTree = "<group>"; };
/* End PBXFileReference section */

/* Begin PBXFrameworksBuildPhase section */
		C7481C6725BBCF3900B9CA55 /* Frameworks */ = {
			isa = PBXFrameworksBuildPhase;
			buildActionMask = 2147483647;
			files = (
				BBA2B71B1245B2F1EA5F42B8 /* Pods_CloudNotes.framework in Frameworks */,
			);
			runOnlyForDeploymentPostprocessing = 0;
		};
		C7481C8025BBCF3A00B9CA55 /* Frameworks */ = {
			isa = PBXFrameworksBuildPhase;
			buildActionMask = 2147483647;
			files = (
				1BFBA7AB1A7F595317AE6E51 /* Pods_CloudNotesTests.framework in Frameworks */,
			);
			runOnlyForDeploymentPostprocessing = 0;
		};
		C7481C8B25BBCF3A00B9CA55 /* Frameworks */ = {
			isa = PBXFrameworksBuildPhase;
			buildActionMask = 2147483647;
			files = (
				4B05B7D9B73FFF590011BA22 /* Pods_CloudNotes_CloudNotesUITests.framework in Frameworks */,
			);
			runOnlyForDeploymentPostprocessing = 0;
		};
/* End PBXFrameworksBuildPhase section */

/* Begin PBXGroup section */
		0E0B87D6B9F7D4B303A368A5 /* Frameworks */ = {
			isa = PBXGroup;
			children = (
				1AB640E857FB856A153A13C5 /* Pods_CloudNotes.framework */,
				2DE54D465AF067DBB9A8D248 /* Pods_CloudNotes_CloudNotesUITests.framework */,
				C2FDDF8F0F3D737F7EF16DD5 /* Pods_CloudNotesTests.framework */,
			);
			name = Frameworks;
			sourceTree = "<group>";
		};
		2B1DE3D026E3989A007EE40A /* Views */ = {
			isa = PBXGroup;
			children = (
				2B1DE3D226E398BB007EE40A /* MemoListTableViewCell.swift */,
			);
			path = Views;
			sourceTree = "<group>";
		};
		2B1DE3D126E3989F007EE40A /* Controllers */ = {
			isa = PBXGroup;
			children = (
				C7481C7125BBCF3900B9CA55 /* MemoListTableViewController.swift */,
				2B1DE3D426E3D04A007EE40A /* ContentViewController.swift */,
				2B4549C326E7FDA500C73674 /* SplitViewController.swift */,
			);
			path = Controllers;
			sourceTree = "<group>";
		};
		2B45493C26E3E08D00C73674 /* SampleData */ = {
			isa = PBXGroup;
			children = (
				2B45493A26E3E06E00C73674 /* sample.json */,
			);
			path = SampleData;
			sourceTree = "<group>";
		};
		2B45493D26E3E09C00C73674 /* SampleDataModel */ = {
			isa = PBXGroup;
			children = (
				2B45493E26E3E0A900C73674 /* SampleDatas.swift */,
			);
			path = SampleDataModel;
			sourceTree = "<group>";
		};
		2B59571526E82A5E0054469D /* Protocol */ = {
			isa = PBXGroup;
			children = (
				2B59571626E82A640054469D /* MemoListTableViewControllerDelegate.swift */,
				2BE9DB6727008967001A5801 /* MemoListBranching.swift */,
			);
			path = Protocol;
			sourceTree = "<group>";
		};
		2B59571B26E8FE8E0054469D /* Extension */ = {
			isa = PBXGroup;
			children = (
				2B59571C26E8FE9D0054469D /* UIView+setConstraint.swift */,
				2B59594526F165460054469D /* UIAlertController+addAction.swift */,
				2B59594726F24F060054469D /* UIViewController+alert.swift */,
				2B595A5426F6F3480054469D /* Notification.Name + Init.swift */,
			);
			path = Extension;
			sourceTree = "<group>";
		};
		2B59571E26E8FF080054469D /* StoryBoard */ = {
			isa = PBXGroup;
			children = (
				C7481C7325BBCF3900B9CA55 /* Main.storyboard */,
				C7481C7B25BBCF3A00B9CA55 /* LaunchScreen.storyboard */,
			);
			path = StoryBoard;
			sourceTree = "<group>";
		};
		2B59571F26E8FF260054469D /* Resources */ = {
			isa = PBXGroup;
			children = (
				C7481C6D25BBCF3900B9CA55 /* AppDelegate.swift */,
				C7481C6F25BBCF3900B9CA55 /* SceneDelegate.swift */,
			);
			path = Resources;
			sourceTree = "<group>";
		};
		2B59587C26EEA48A0054469D /* Shared */ = {
			isa = PBXGroup;
			children = (
				C7481C7625BBCF3900B9CA55 /* CloudNotes.xcdatamodeld */,
				2B59588126EEA5FD0054469D /* DataManager.swift */,
			);
			path = Shared;
			sourceTree = "<group>";
		};
		346BB136722D9214ECF999DB /* Pods */ = {
			isa = PBXGroup;
			children = (
				87F5CD4741871E09B50500B4 /* Pods-CloudNotes.debug.xcconfig */,
				A72528BD0F9BBFBC68C221D6 /* Pods-CloudNotes.release.xcconfig */,
				C9094FD497EE1A5723F2F91E /* Pods-CloudNotes-CloudNotesUITests.debug.xcconfig */,
				E8356D4E814A7620022459D9 /* Pods-CloudNotes-CloudNotesUITests.release.xcconfig */,
				B347C133B91D791A24B1E670 /* Pods-CloudNotesTests.debug.xcconfig */,
				91845B14BDF210DB2956ED0B /* Pods-CloudNotesTests.release.xcconfig */,
			);
			path = Pods;
			sourceTree = "<group>";
		};
		C7481C6125BBCF3900B9CA55 = {
			isa = PBXGroup;
			children = (
				2B1DE3CD26E26E76007EE40A /* .swiftlint.yml */,
				C7481C6C25BBCF3900B9CA55 /* CloudNotes */,
				C7481C8625BBCF3A00B9CA55 /* CloudNotesTests */,
				C7481C9125BBCF3A00B9CA55 /* CloudNotesUITests */,
				C7481C6B25BBCF3900B9CA55 /* Products */,
				346BB136722D9214ECF999DB /* Pods */,
				0E0B87D6B9F7D4B303A368A5 /* Frameworks */,
			);
			sourceTree = "<group>";
		};
		C7481C6B25BBCF3900B9CA55 /* Products */ = {
			isa = PBXGroup;
			children = (
				C7481C6A25BBCF3900B9CA55 /* CloudNotes.app */,
				C7481C8325BBCF3A00B9CA55 /* CloudNotesTests.xctest */,
				C7481C8E25BBCF3A00B9CA55 /* CloudNotesUITests.xctest */,
			);
			name = Products;
			sourceTree = "<group>";
		};
		C7481C6C25BBCF3900B9CA55 /* CloudNotes */ = {
			isa = PBXGroup;
			children = (
				2B59587C26EEA48A0054469D /* Shared */,
				2B59571F26E8FF260054469D /* Resources */,
				2B59571E26E8FF080054469D /* StoryBoard */,
				2B59571B26E8FE8E0054469D /* Extension */,
				2B59571526E82A5E0054469D /* Protocol */,
				2B45493D26E3E09C00C73674 /* SampleDataModel */,
				2B45493C26E3E08D00C73674 /* SampleData */,
				2B1DE3D126E3989F007EE40A /* Controllers */,
				2B1DE3D026E3989A007EE40A /* Views */,
				C7481C7925BBCF3A00B9CA55 /* Assets.xcassets */,
				C7481C7E25BBCF3A00B9CA55 /* Info.plist */,
			);
			path = CloudNotes;
			sourceTree = "<group>";
		};
		C7481C8625BBCF3A00B9CA55 /* CloudNotesTests */ = {
			isa = PBXGroup;
			children = (
				C7481C8725BBCF3A00B9CA55 /* CloudNotesTests.swift */,
				C7481C8925BBCF3A00B9CA55 /* Info.plist */,
			);
			path = CloudNotesTests;
			sourceTree = "<group>";
		};
		C7481C9125BBCF3A00B9CA55 /* CloudNotesUITests */ = {
			isa = PBXGroup;
			children = (
				C7481C9225BBCF3A00B9CA55 /* CloudNotesUITests.swift */,
				C7481C9425BBCF3A00B9CA55 /* Info.plist */,
			);
			path = CloudNotesUITests;
			sourceTree = "<group>";
		};
/* End PBXGroup section */

/* Begin PBXNativeTarget section */
		C7481C6925BBCF3900B9CA55 /* CloudNotes */ = {
			isa = PBXNativeTarget;
			buildConfigurationList = C7481C9725BBCF3A00B9CA55 /* Build configuration list for PBXNativeTarget "CloudNotes" */;
			buildPhases = (
				0C9C7DC4E7960C21AAD3C6E8 /* [CP] Check Pods Manifest.lock */,
				C7481C6625BBCF3900B9CA55 /* Sources */,
				C7481C6725BBCF3900B9CA55 /* Frameworks */,
				C7481C6825BBCF3900B9CA55 /* Resources */,
				2B1DE3CF26E27122007EE40A /* ShellScript */,
			);
			buildRules = (
			);
			dependencies = (
			);
			name = CloudNotes;
			productName = CloudNotes;
			productReference = C7481C6A25BBCF3900B9CA55 /* CloudNotes.app */;
			productType = "com.apple.product-type.application";
		};
		C7481C8225BBCF3A00B9CA55 /* CloudNotesTests */ = {
			isa = PBXNativeTarget;
			buildConfigurationList = C7481C9A25BBCF3A00B9CA55 /* Build configuration list for PBXNativeTarget "CloudNotesTests" */;
			buildPhases = (
				2401FE1B90EF0E81F7F9814A /* [CP] Check Pods Manifest.lock */,
				C7481C7F25BBCF3A00B9CA55 /* Sources */,
				C7481C8025BBCF3A00B9CA55 /* Frameworks */,
				C7481C8125BBCF3A00B9CA55 /* Resources */,
			);
			buildRules = (
			);
			dependencies = (
				C7481C8525BBCF3A00B9CA55 /* PBXTargetDependency */,
			);
			name = CloudNotesTests;
			productName = CloudNotesTests;
			productReference = C7481C8325BBCF3A00B9CA55 /* CloudNotesTests.xctest */;
			productType = "com.apple.product-type.bundle.unit-test";
		};
		C7481C8D25BBCF3A00B9CA55 /* CloudNotesUITests */ = {
			isa = PBXNativeTarget;
			buildConfigurationList = C7481C9D25BBCF3A00B9CA55 /* Build configuration list for PBXNativeTarget "CloudNotesUITests" */;
			buildPhases = (
				07CCE098C9B4A08033D48071 /* [CP] Check Pods Manifest.lock */,
				C7481C8A25BBCF3A00B9CA55 /* Sources */,
				C7481C8B25BBCF3A00B9CA55 /* Frameworks */,
				C7481C8C25BBCF3A00B9CA55 /* Resources */,
			);
			buildRules = (
			);
			dependencies = (
				C7481C9025BBCF3A00B9CA55 /* PBXTargetDependency */,
			);
			name = CloudNotesUITests;
			productName = CloudNotesUITests;
			productReference = C7481C8E25BBCF3A00B9CA55 /* CloudNotesUITests.xctest */;
			productType = "com.apple.product-type.bundle.ui-testing";
		};
/* End PBXNativeTarget section */

/* Begin PBXProject section */
		C7481C6225BBCF3900B9CA55 /* Project object */ = {
			isa = PBXProject;
			attributes = {
				LastSwiftUpdateCheck = 1230;
				LastUpgradeCheck = 1230;
				TargetAttributes = {
					C7481C6925BBCF3900B9CA55 = {
						CreatedOnToolsVersion = 12.3;
					};
					C7481C8225BBCF3A00B9CA55 = {
						CreatedOnToolsVersion = 12.3;
						TestTargetID = C7481C6925BBCF3900B9CA55;
					};
					C7481C8D25BBCF3A00B9CA55 = {
						CreatedOnToolsVersion = 12.3;
						TestTargetID = C7481C6925BBCF3900B9CA55;
					};
				};
			};
			buildConfigurationList = C7481C6525BBCF3900B9CA55 /* Build configuration list for PBXProject "CloudNotes" */;
			compatibilityVersion = "Xcode 9.3";
			developmentRegion = en;
			hasScannedForEncodings = 0;
			knownRegions = (
				en,
				Base,
			);
			mainGroup = C7481C6125BBCF3900B9CA55;
			productRefGroup = C7481C6B25BBCF3900B9CA55 /* Products */;
			projectDirPath = "";
			projectRoot = "";
			targets = (
				C7481C6925BBCF3900B9CA55 /* CloudNotes */,
				C7481C8225BBCF3A00B9CA55 /* CloudNotesTests */,
				C7481C8D25BBCF3A00B9CA55 /* CloudNotesUITests */,
			);
		};
/* End PBXProject section */

/* Begin PBXResourcesBuildPhase section */
		C7481C6825BBCF3900B9CA55 /* Resources */ = {
			isa = PBXResourcesBuildPhase;
			buildActionMask = 2147483647;
			files = (
				2B45493B26E3E06E00C73674 /* sample.json in Resources */,
				2B1DE3CE26E26E76007EE40A /* .swiftlint.yml in Resources */,
				C7481C7D25BBCF3A00B9CA55 /* LaunchScreen.storyboard in Resources */,
				C7481C7A25BBCF3A00B9CA55 /* Assets.xcassets in Resources */,
				C7481C7525BBCF3900B9CA55 /* Main.storyboard in Resources */,
			);
			runOnlyForDeploymentPostprocessing = 0;
		};
		C7481C8125BBCF3A00B9CA55 /* Resources */ = {
			isa = PBXResourcesBuildPhase;
			buildActionMask = 2147483647;
			files = (
			);
			runOnlyForDeploymentPostprocessing = 0;
		};
		C7481C8C25BBCF3A00B9CA55 /* Resources */ = {
			isa = PBXResourcesBuildPhase;
			buildActionMask = 2147483647;
			files = (
			);
			runOnlyForDeploymentPostprocessing = 0;
		};
/* End PBXResourcesBuildPhase section */

/* Begin PBXShellScriptBuildPhase section */
		07CCE098C9B4A08033D48071 /* [CP] Check Pods Manifest.lock */ = {
			isa = PBXShellScriptBuildPhase;
			buildActionMask = 2147483647;
			files = (
			);
			inputFileListPaths = (
			);
			inputPaths = (
				"${PODS_PODFILE_DIR_PATH}/Podfile.lock",
				"${PODS_ROOT}/Manifest.lock",
			);
			name = "[CP] Check Pods Manifest.lock";
			outputFileListPaths = (
			);
			outputPaths = (
				"$(DERIVED_FILE_DIR)/Pods-CloudNotes-CloudNotesUITests-checkManifestLockResult.txt",
			);
			runOnlyForDeploymentPostprocessing = 0;
			shellPath = /bin/sh;
			shellScript = "diff \"${PODS_PODFILE_DIR_PATH}/Podfile.lock\" \"${PODS_ROOT}/Manifest.lock\" > /dev/null\nif [ $? != 0 ] ; then\n    # print error to STDERR\n    echo \"error: The sandbox is not in sync with the Podfile.lock. Run 'pod install' or update your CocoaPods installation.\" >&2\n    exit 1\nfi\n# This output is used by Xcode 'outputs' to avoid re-running this script phase.\necho \"SUCCESS\" > \"${SCRIPT_OUTPUT_FILE_0}\"\n";
			showEnvVarsInLog = 0;
		};
		0C9C7DC4E7960C21AAD3C6E8 /* [CP] Check Pods Manifest.lock */ = {
			isa = PBXShellScriptBuildPhase;
			buildActionMask = 2147483647;
			files = (
			);
			inputFileListPaths = (
			);
			inputPaths = (
				"${PODS_PODFILE_DIR_PATH}/Podfile.lock",
				"${PODS_ROOT}/Manifest.lock",
			);
			name = "[CP] Check Pods Manifest.lock";
			outputFileListPaths = (
			);
			outputPaths = (
				"$(DERIVED_FILE_DIR)/Pods-CloudNotes-checkManifestLockResult.txt",
			);
			runOnlyForDeploymentPostprocessing = 0;
			shellPath = /bin/sh;
			shellScript = "diff \"${PODS_PODFILE_DIR_PATH}/Podfile.lock\" \"${PODS_ROOT}/Manifest.lock\" > /dev/null\nif [ $? != 0 ] ; then\n    # print error to STDERR\n    echo \"error: The sandbox is not in sync with the Podfile.lock. Run 'pod install' or update your CocoaPods installation.\" >&2\n    exit 1\nfi\n# This output is used by Xcode 'outputs' to avoid re-running this script phase.\necho \"SUCCESS\" > \"${SCRIPT_OUTPUT_FILE_0}\"\n";
			showEnvVarsInLog = 0;
		};
		2401FE1B90EF0E81F7F9814A /* [CP] Check Pods Manifest.lock */ = {
			isa = PBXShellScriptBuildPhase;
			buildActionMask = 2147483647;
			files = (
			);
			inputFileListPaths = (
			);
			inputPaths = (
				"${PODS_PODFILE_DIR_PATH}/Podfile.lock",
				"${PODS_ROOT}/Manifest.lock",
			);
			name = "[CP] Check Pods Manifest.lock";
			outputFileListPaths = (
			);
			outputPaths = (
				"$(DERIVED_FILE_DIR)/Pods-CloudNotesTests-checkManifestLockResult.txt",
			);
			runOnlyForDeploymentPostprocessing = 0;
			shellPath = /bin/sh;
			shellScript = "diff \"${PODS_PODFILE_DIR_PATH}/Podfile.lock\" \"${PODS_ROOT}/Manifest.lock\" > /dev/null\nif [ $? != 0 ] ; then\n    # print error to STDERR\n    echo \"error: The sandbox is not in sync with the Podfile.lock. Run 'pod install' or update your CocoaPods installation.\" >&2\n    exit 1\nfi\n# This output is used by Xcode 'outputs' to avoid re-running this script phase.\necho \"SUCCESS\" > \"${SCRIPT_OUTPUT_FILE_0}\"\n";
			showEnvVarsInLog = 0;
		};
		2B1DE3CF26E27122007EE40A /* ShellScript */ = {
			isa = PBXShellScriptBuildPhase;
			buildActionMask = 2147483647;
			files = (
			);
			inputFileListPaths = (
			);
			inputPaths = (
			);
			outputFileListPaths = (
			);
			outputPaths = (
			);
			runOnlyForDeploymentPostprocessing = 0;
			shellPath = /bin/sh;
			shellScript = "# Type a script or drag a script file from your workspace to insert its path.\n${PODS_ROOT}/SwiftLint/swiftlint --fix\n";
		};
/* End PBXShellScriptBuildPhase section */

/* Begin PBXSourcesBuildPhase section */
		C7481C6625BBCF3900B9CA55 /* Sources */ = {
			isa = PBXSourcesBuildPhase;
			buildActionMask = 2147483647;
			files = (
				2B59594626F165460054469D /* UIAlertController+addAction.swift in Sources */,
				2B1DE3D326E398BB007EE40A /* MemoListTableViewCell.swift in Sources */,
				2B59588226EEA5FD0054469D /* DataManager.swift in Sources */,
				2B59594826F24F060054469D /* UIViewController+alert.swift in Sources */,
				2B45493F26E3E0A900C73674 /* SampleDatas.swift in Sources */,
				2B59571D26E8FE9D0054469D /* UIView+setConstraint.swift in Sources */,
				C7481C7225BBCF3900B9CA55 /* MemoListTableViewController.swift in Sources */,
				C7481C6E25BBCF3900B9CA55 /* AppDelegate.swift in Sources */,
				C7481C7025BBCF3900B9CA55 /* SceneDelegate.swift in Sources */,
				2B1DE3D526E3D04A007EE40A /* ContentViewController.swift in Sources */,
				2B595A5526F6F3480054469D /* Notification.Name + Init.swift in Sources */,
				C7481C7825BBCF3900B9CA55 /* CloudNotes.xcdatamodeld in Sources */,
				2BE9DB6827008967001A5801 /* MemoListBranching.swift in Sources */,
				2B59571726E82A640054469D /* MemoListTableViewControllerDelegate.swift in Sources */,
				2B4549C426E7FDA500C73674 /* SplitViewController.swift in Sources */,
			);
			runOnlyForDeploymentPostprocessing = 0;
		};
		C7481C7F25BBCF3A00B9CA55 /* Sources */ = {
			isa = PBXSourcesBuildPhase;
			buildActionMask = 2147483647;
			files = (
				C7481C8825BBCF3A00B9CA55 /* CloudNotesTests.swift in Sources */,
			);
			runOnlyForDeploymentPostprocessing = 0;
		};
		C7481C8A25BBCF3A00B9CA55 /* Sources */ = {
			isa = PBXSourcesBuildPhase;
			buildActionMask = 2147483647;
			files = (
				C7481C9325BBCF3A00B9CA55 /* CloudNotesUITests.swift in Sources */,
			);
			runOnlyForDeploymentPostprocessing = 0;
		};
/* End PBXSourcesBuildPhase section */

/* Begin PBXTargetDependency section */
		C7481C8525BBCF3A00B9CA55 /* PBXTargetDependency */ = {
			isa = PBXTargetDependency;
			target = C7481C6925BBCF3900B9CA55 /* CloudNotes */;
			targetProxy = C7481C8425BBCF3A00B9CA55 /* PBXContainerItemProxy */;
		};
		C7481C9025BBCF3A00B9CA55 /* PBXTargetDependency */ = {
			isa = PBXTargetDependency;
			target = C7481C6925BBCF3900B9CA55 /* CloudNotes */;
			targetProxy = C7481C8F25BBCF3A00B9CA55 /* PBXContainerItemProxy */;
		};
/* End PBXTargetDependency section */

/* Begin PBXVariantGroup section */
		C7481C7325BBCF3900B9CA55 /* Main.storyboard */ = {
			isa = PBXVariantGroup;
			children = (
				C7481C7425BBCF3900B9CA55 /* Base */,
			);
			name = Main.storyboard;
			sourceTree = "<group>";
		};
		C7481C7B25BBCF3A00B9CA55 /* LaunchScreen.storyboard */ = {
			isa = PBXVariantGroup;
			children = (
				C7481C7C25BBCF3A00B9CA55 /* Base */,
			);
			name = LaunchScreen.storyboard;
			sourceTree = "<group>";
		};
/* End PBXVariantGroup section */

/* Begin XCBuildConfiguration section */
		C7481C9525BBCF3A00B9CA55 /* Debug */ = {
			isa = XCBuildConfiguration;
			buildSettings = {
				ALWAYS_SEARCH_USER_PATHS = NO;
				CLANG_ANALYZER_NONNULL = YES;
				CLANG_ANALYZER_NUMBER_OBJECT_CONVERSION = YES_AGGRESSIVE;
				CLANG_CXX_LANGUAGE_STANDARD = "gnu++14";
				CLANG_CXX_LIBRARY = "libc++";
				CLANG_ENABLE_MODULES = YES;
				CLANG_ENABLE_OBJC_ARC = YES;
				CLANG_ENABLE_OBJC_WEAK = YES;
				CLANG_WARN_BLOCK_CAPTURE_AUTORELEASING = YES;
				CLANG_WARN_BOOL_CONVERSION = YES;
				CLANG_WARN_COMMA = YES;
				CLANG_WARN_CONSTANT_CONVERSION = YES;
				CLANG_WARN_DEPRECATED_OBJC_IMPLEMENTATIONS = YES;
				CLANG_WARN_DIRECT_OBJC_ISA_USAGE = YES_ERROR;
				CLANG_WARN_DOCUMENTATION_COMMENTS = YES;
				CLANG_WARN_EMPTY_BODY = YES;
				CLANG_WARN_ENUM_CONVERSION = YES;
				CLANG_WARN_INFINITE_RECURSION = YES;
				CLANG_WARN_INT_CONVERSION = YES;
				CLANG_WARN_NON_LITERAL_NULL_CONVERSION = YES;
				CLANG_WARN_OBJC_IMPLICIT_RETAIN_SELF = YES;
				CLANG_WARN_OBJC_LITERAL_CONVERSION = YES;
				CLANG_WARN_OBJC_ROOT_CLASS = YES_ERROR;
				CLANG_WARN_QUOTED_INCLUDE_IN_FRAMEWORK_HEADER = YES;
				CLANG_WARN_RANGE_LOOP_ANALYSIS = YES;
				CLANG_WARN_STRICT_PROTOTYPES = YES;
				CLANG_WARN_SUSPICIOUS_MOVE = YES;
				CLANG_WARN_UNGUARDED_AVAILABILITY = YES_AGGRESSIVE;
				CLANG_WARN_UNREACHABLE_CODE = YES;
				CLANG_WARN__DUPLICATE_METHOD_MATCH = YES;
				COPY_PHASE_STRIP = NO;
				DEBUG_INFORMATION_FORMAT = dwarf;
				ENABLE_STRICT_OBJC_MSGSEND = YES;
				ENABLE_TESTABILITY = YES;
				GCC_C_LANGUAGE_STANDARD = gnu11;
				GCC_DYNAMIC_NO_PIC = NO;
				GCC_NO_COMMON_BLOCKS = YES;
				GCC_OPTIMIZATION_LEVEL = 0;
				GCC_PREPROCESSOR_DEFINITIONS = (
					"DEBUG=1",
					"$(inherited)",
				);
				GCC_WARN_64_TO_32_BIT_CONVERSION = YES;
				GCC_WARN_ABOUT_RETURN_TYPE = YES_ERROR;
				GCC_WARN_UNDECLARED_SELECTOR = YES;
				GCC_WARN_UNINITIALIZED_AUTOS = YES_AGGRESSIVE;
				GCC_WARN_UNUSED_FUNCTION = YES;
				GCC_WARN_UNUSED_VARIABLE = YES;
				IPHONEOS_DEPLOYMENT_TARGET = 14.3;
				MTL_ENABLE_DEBUG_INFO = INCLUDE_SOURCE;
				MTL_FAST_MATH = YES;
				ONLY_ACTIVE_ARCH = YES;
				SDKROOT = iphoneos;
				SWIFT_ACTIVE_COMPILATION_CONDITIONS = DEBUG;
				SWIFT_OPTIMIZATION_LEVEL = "-Onone";
			};
			name = Debug;
		};
		C7481C9625BBCF3A00B9CA55 /* Release */ = {
			isa = XCBuildConfiguration;
			buildSettings = {
				ALWAYS_SEARCH_USER_PATHS = NO;
				CLANG_ANALYZER_NONNULL = YES;
				CLANG_ANALYZER_NUMBER_OBJECT_CONVERSION = YES_AGGRESSIVE;
				CLANG_CXX_LANGUAGE_STANDARD = "gnu++14";
				CLANG_CXX_LIBRARY = "libc++";
				CLANG_ENABLE_MODULES = YES;
				CLANG_ENABLE_OBJC_ARC = YES;
				CLANG_ENABLE_OBJC_WEAK = YES;
				CLANG_WARN_BLOCK_CAPTURE_AUTORELEASING = YES;
				CLANG_WARN_BOOL_CONVERSION = YES;
				CLANG_WARN_COMMA = YES;
				CLANG_WARN_CONSTANT_CONVERSION = YES;
				CLANG_WARN_DEPRECATED_OBJC_IMPLEMENTATIONS = YES;
				CLANG_WARN_DIRECT_OBJC_ISA_USAGE = YES_ERROR;
				CLANG_WARN_DOCUMENTATION_COMMENTS = YES;
				CLANG_WARN_EMPTY_BODY = YES;
				CLANG_WARN_ENUM_CONVERSION = YES;
				CLANG_WARN_INFINITE_RECURSION = YES;
				CLANG_WARN_INT_CONVERSION = YES;
				CLANG_WARN_NON_LITERAL_NULL_CONVERSION = YES;
				CLANG_WARN_OBJC_IMPLICIT_RETAIN_SELF = YES;
				CLANG_WARN_OBJC_LITERAL_CONVERSION = YES;
				CLANG_WARN_OBJC_ROOT_CLASS = YES_ERROR;
				CLANG_WARN_QUOTED_INCLUDE_IN_FRAMEWORK_HEADER = YES;
				CLANG_WARN_RANGE_LOOP_ANALYSIS = YES;
				CLANG_WARN_STRICT_PROTOTYPES = YES;
				CLANG_WARN_SUSPICIOUS_MOVE = YES;
				CLANG_WARN_UNGUARDED_AVAILABILITY = YES_AGGRESSIVE;
				CLANG_WARN_UNREACHABLE_CODE = YES;
				CLANG_WARN__DUPLICATE_METHOD_MATCH = YES;
				COPY_PHASE_STRIP = NO;
				DEBUG_INFORMATION_FORMAT = "dwarf-with-dsym";
				ENABLE_NS_ASSERTIONS = NO;
				ENABLE_STRICT_OBJC_MSGSEND = YES;
				GCC_C_LANGUAGE_STANDARD = gnu11;
				GCC_NO_COMMON_BLOCKS = YES;
				GCC_WARN_64_TO_32_BIT_CONVERSION = YES;
				GCC_WARN_ABOUT_RETURN_TYPE = YES_ERROR;
				GCC_WARN_UNDECLARED_SELECTOR = YES;
				GCC_WARN_UNINITIALIZED_AUTOS = YES_AGGRESSIVE;
				GCC_WARN_UNUSED_FUNCTION = YES;
				GCC_WARN_UNUSED_VARIABLE = YES;
				IPHONEOS_DEPLOYMENT_TARGET = 14.3;
				MTL_ENABLE_DEBUG_INFO = NO;
				MTL_FAST_MATH = YES;
				SDKROOT = iphoneos;
				SWIFT_COMPILATION_MODE = wholemodule;
				SWIFT_OPTIMIZATION_LEVEL = "-O";
				VALIDATE_PRODUCT = YES;
			};
			name = Release;
		};
		C7481C9825BBCF3A00B9CA55 /* Debug */ = {
			isa = XCBuildConfiguration;
			baseConfigurationReference = 87F5CD4741871E09B50500B4 /* Pods-CloudNotes.debug.xcconfig */;
			buildSettings = {
				ASSETCATALOG_COMPILER_APPICON_NAME = AppIcon;
				ASSETCATALOG_COMPILER_GLOBAL_ACCENT_COLOR_NAME = AccentColor;
				CODE_SIGN_STYLE = Automatic;
				DEVELOPMENT_TEAM = 75LF58957Q;
				INFOPLIST_FILE = CloudNotes/Info.plist;
				LD_RUNPATH_SEARCH_PATHS = (
					"$(inherited)",
					"@executable_path/Frameworks",
				);
				PRODUCT_BUNDLE_IDENTIFIER = com.theo.yagom;
				PRODUCT_NAME = "$(TARGET_NAME)";
				SWIFT_VERSION = 5.0;
				TARGETED_DEVICE_FAMILY = "1,2";
			};
			name = Debug;
		};
		C7481C9925BBCF3A00B9CA55 /* Release */ = {
			isa = XCBuildConfiguration;
			baseConfigurationReference = A72528BD0F9BBFBC68C221D6 /* Pods-CloudNotes.release.xcconfig */;
			buildSettings = {
				ASSETCATALOG_COMPILER_APPICON_NAME = AppIcon;
				ASSETCATALOG_COMPILER_GLOBAL_ACCENT_COLOR_NAME = AccentColor;
				CODE_SIGN_STYLE = Automatic;
				DEVELOPMENT_TEAM = 75LF58957Q;
				INFOPLIST_FILE = CloudNotes/Info.plist;
				LD_RUNPATH_SEARCH_PATHS = (
					"$(inherited)",
					"@executable_path/Frameworks",
				);
				PRODUCT_BUNDLE_IDENTIFIER = com.theo.yagom;
				PRODUCT_NAME = "$(TARGET_NAME)";
				SWIFT_VERSION = 5.0;
				TARGETED_DEVICE_FAMILY = "1,2";
			};
			name = Release;
		};
		C7481C9B25BBCF3A00B9CA55 /* Debug */ = {
			isa = XCBuildConfiguration;
			baseConfigurationReference = B347C133B91D791A24B1E670 /* Pods-CloudNotesTests.debug.xcconfig */;
			buildSettings = {
				ALWAYS_EMBED_SWIFT_STANDARD_LIBRARIES = YES;
				BUNDLE_LOADER = "$(TEST_HOST)";
				CODE_SIGN_STYLE = Automatic;
				INFOPLIST_FILE = CloudNotesTests/Info.plist;
				IPHONEOS_DEPLOYMENT_TARGET = 14.3;
				LD_RUNPATH_SEARCH_PATHS = (
					"$(inherited)",
					"@executable_path/Frameworks",
					"@loader_path/Frameworks",
				);
				PRODUCT_BUNDLE_IDENTIFIER = net.yagom.CloudNotesTests;
				PRODUCT_NAME = "$(TARGET_NAME)";
				SWIFT_VERSION = 5.0;
				TARGETED_DEVICE_FAMILY = "1,2";
				TEST_HOST = "$(BUILT_PRODUCTS_DIR)/CloudNotes.app/CloudNotes";
			};
			name = Debug;
		};
		C7481C9C25BBCF3A00B9CA55 /* Release */ = {
			isa = XCBuildConfiguration;
			baseConfigurationReference = 91845B14BDF210DB2956ED0B /* Pods-CloudNotesTests.release.xcconfig */;
			buildSettings = {
				ALWAYS_EMBED_SWIFT_STANDARD_LIBRARIES = YES;
				BUNDLE_LOADER = "$(TEST_HOST)";
				CODE_SIGN_STYLE = Automatic;
				INFOPLIST_FILE = CloudNotesTests/Info.plist;
				IPHONEOS_DEPLOYMENT_TARGET = 14.3;
				LD_RUNPATH_SEARCH_PATHS = (
					"$(inherited)",
					"@executable_path/Frameworks",
					"@loader_path/Frameworks",
				);
				PRODUCT_BUNDLE_IDENTIFIER = net.yagom.CloudNotesTests;
				PRODUCT_NAME = "$(TARGET_NAME)";
				SWIFT_VERSION = 5.0;
				TARGETED_DEVICE_FAMILY = "1,2";
				TEST_HOST = "$(BUILT_PRODUCTS_DIR)/CloudNotes.app/CloudNotes";
			};
			name = Release;
		};
		C7481C9E25BBCF3A00B9CA55 /* Debug */ = {
			isa = XCBuildConfiguration;
			baseConfigurationReference = C9094FD497EE1A5723F2F91E /* Pods-CloudNotes-CloudNotesUITests.debug.xcconfig */;
			buildSettings = {
				ALWAYS_EMBED_SWIFT_STANDARD_LIBRARIES = YES;
				CODE_SIGN_STYLE = Automatic;
				INFOPLIST_FILE = CloudNotesUITests/Info.plist;
				LD_RUNPATH_SEARCH_PATHS = (
					"$(inherited)",
					"@executable_path/Frameworks",
					"@loader_path/Frameworks",
				);
				PRODUCT_BUNDLE_IDENTIFIER = net.yagom.CloudNotesUITests;
				PRODUCT_NAME = "$(TARGET_NAME)";
				SWIFT_VERSION = 5.0;
				TARGETED_DEVICE_FAMILY = "1,2";
				TEST_TARGET_NAME = CloudNotes;
			};
			name = Debug;
		};
		C7481C9F25BBCF3A00B9CA55 /* Release */ = {
			isa = XCBuildConfiguration;
			baseConfigurationReference = E8356D4E814A7620022459D9 /* Pods-CloudNotes-CloudNotesUITests.release.xcconfig */;
			buildSettings = {
				ALWAYS_EMBED_SWIFT_STANDARD_LIBRARIES = YES;
				CODE_SIGN_STYLE = Automatic;
				INFOPLIST_FILE = CloudNotesUITests/Info.plist;
				LD_RUNPATH_SEARCH_PATHS = (
					"$(inherited)",
					"@executable_path/Frameworks",
					"@loader_path/Frameworks",
				);
				PRODUCT_BUNDLE_IDENTIFIER = net.yagom.CloudNotesUITests;
				PRODUCT_NAME = "$(TARGET_NAME)";
				SWIFT_VERSION = 5.0;
				TARGETED_DEVICE_FAMILY = "1,2";
				TEST_TARGET_NAME = CloudNotes;
			};
			name = Release;
		};
/* End XCBuildConfiguration section */

/* Begin XCConfigurationList section */
		C7481C6525BBCF3900B9CA55 /* Build configuration list for PBXProject "CloudNotes" */ = {
			isa = XCConfigurationList;
			buildConfigurations = (
				C7481C9525BBCF3A00B9CA55 /* Debug */,
				C7481C9625BBCF3A00B9CA55 /* Release */,
			);
			defaultConfigurationIsVisible = 0;
			defaultConfigurationName = Release;
		};
		C7481C9725BBCF3A00B9CA55 /* Build configuration list for PBXNativeTarget "CloudNotes" */ = {
			isa = XCConfigurationList;
			buildConfigurations = (
				C7481C9825BBCF3A00B9CA55 /* Debug */,
				C7481C9925BBCF3A00B9CA55 /* Release */,
			);
			defaultConfigurationIsVisible = 0;
			defaultConfigurationName = Release;
		};
		C7481C9A25BBCF3A00B9CA55 /* Build configuration list for PBXNativeTarget "CloudNotesTests" */ = {
			isa = XCConfigurationList;
			buildConfigurations = (
				C7481C9B25BBCF3A00B9CA55 /* Debug */,
				C7481C9C25BBCF3A00B9CA55 /* Release */,
			);
			defaultConfigurationIsVisible = 0;
			defaultConfigurationName = Release;
		};
		C7481C9D25BBCF3A00B9CA55 /* Build configuration list for PBXNativeTarget "CloudNotesUITests" */ = {
			isa = XCConfigurationList;
			buildConfigurations = (
				C7481C9E25BBCF3A00B9CA55 /* Debug */,
				C7481C9F25BBCF3A00B9CA55 /* Release */,
			);
			defaultConfigurationIsVisible = 0;
			defaultConfigurationName = Release;
		};
/* End XCConfigurationList section */

/* Begin XCVersionGroup section */
		C7481C7625BBCF3900B9CA55 /* CloudNotes.xcdatamodeld */ = {
			isa = XCVersionGroup;
			children = (
				C7481C7725BBCF3900B9CA55 /* CloudNotes.xcdatamodel */,
			);
			currentVersion = C7481C7725BBCF3900B9CA55 /* CloudNotes.xcdatamodel */;
			path = CloudNotes.xcdatamodeld;
			sourceTree = "<group>";
			versionGroupType = wrapper.xcdatamodel;
		};
/* End XCVersionGroup section */
	};
	rootObject = C7481C6225BBCF3900B9CA55 /* Project object */;
}
