// !$*UTF8*$!
{
	archiveVersion = 1;
	classes = {
	};
	objectVersion = 52;
	objects = {

/* Begin PBXBuildFile section */
		A82B6F5826EA215400ED0070 /* TextViewRelatedDataHolder.swift in Sources */ = {isa = PBXBuildFile; fileRef = A82B6F5726EA215400ED0070 /* TextViewRelatedDataHolder.swift */; };
		A82B6F5A26EB38A500ED0070 /* DateFormatter.swift in Sources */ = {isa = PBXBuildFile; fileRef = A82B6F5926EB38A500ED0070 /* DateFormatter.swift */; };
		A830336226DE100A00EA30DC /* .swiftlint.yml in Resources */ = {isa = PBXBuildFile; fileRef = A830336126DE100A00EA30DC /* .swiftlint.yml */; };
		A830336D26DF972100EA30DC /* JSONParser.swift in Sources */ = {isa = PBXBuildFile; fileRef = A830336C26DF972100EA30DC /* JSONParser.swift */; };
		A830336F26DF976500EA30DC /* MemoDecodeModel.swift in Sources */ = {isa = PBXBuildFile; fileRef = A830336E26DF976500EA30DC /* MemoDecodeModel.swift */; };
		A83033C426E1146F00EA30DC /* MemoListTableViewDataSource.swift in Sources */ = {isa = PBXBuildFile; fileRef = A83033C326E1146F00EA30DC /* MemoListTableViewDataSource.swift */; };
		A83033CD26E1240100EA30DC /* MemoListTableViewCell.swift in Sources */ = {isa = PBXBuildFile; fileRef = A83033CC26E1240100EA30DC /* MemoListTableViewCell.swift */; };
		A83033D026E1256300EA30DC /* UIView.swift in Sources */ = {isa = PBXBuildFile; fileRef = A83033CF26E1256300EA30DC /* UIView.swift */; };
		A8480C1B26F9743200286B37 /* CloudNotes_v2.xcmappingmodel in Sources */ = {isa = PBXBuildFile; fileRef = A8480C1A26F9743200286B37 /* CloudNotes_v2.xcmappingmodel */; };
		A8480C1E26F9750A00286B37 /* Memo+CoreDataClass.swift in Sources */ = {isa = PBXBuildFile; fileRef = A8480C1C26F9750A00286B37 /* Memo+CoreDataClass.swift */; };
		A8480C1F26F9750A00286B37 /* Memo+CoreDataProperties.swift in Sources */ = {isa = PBXBuildFile; fileRef = A8480C1D26F9750A00286B37 /* Memo+CoreDataProperties.swift */; };
		A854899B26F03844001BF187 /* CoreDataAccessible.swift in Sources */ = {isa = PBXBuildFile; fileRef = A854899A26F03844001BF187 /* CoreDataAccessible.swift */; };
		A85489A226F0ECD8001BF187 /* String.swift in Sources */ = {isa = PBXBuildFile; fileRef = A85489A126F0ECD8001BF187 /* String.swift */; };
		A85489A426F1D70C001BF187 /* SelectOptions.swift in Sources */ = {isa = PBXBuildFile; fileRef = A85489A326F1D70C001BF187 /* SelectOptions.swift */; };
		A85B476B26E4CA480070417B /* MemoDetailViewController.swift in Sources */ = {isa = PBXBuildFile; fileRef = A85B476A26E4CA480070417B /* MemoDetailViewController.swift */; };
		A85B476D26E4D9000070417B /* SplitViewController.swift in Sources */ = {isa = PBXBuildFile; fileRef = A85B476C26E4D9000070417B /* SplitViewController.swift */; };
		A85B477126E628760070417B /* CellContentDataHolder.swift in Sources */ = {isa = PBXBuildFile; fileRef = A85B477026E628760070417B /* CellContentDataHolder.swift */; };
		A872EFC026ECBB2F00D2E499 /* CoreDataError.swift in Sources */ = {isa = PBXBuildFile; fileRef = A872EFBF26ECBB2F00D2E499 /* CoreDataError.swift */; };
		A872EFC426ECD82300D2E499 /* MemoDataManager.swift in Sources */ = {isa = PBXBuildFile; fileRef = A872EFC326ECD82300D2E499 /* MemoDataManager.swift */; };
		C7481C6E25BBCF3900B9CA55 /* AppDelegate.swift in Sources */ = {isa = PBXBuildFile; fileRef = C7481C6D25BBCF3900B9CA55 /* AppDelegate.swift */; };
		C7481C7025BBCF3900B9CA55 /* SceneDelegate.swift in Sources */ = {isa = PBXBuildFile; fileRef = C7481C6F25BBCF3900B9CA55 /* SceneDelegate.swift */; };
		C7481C7225BBCF3900B9CA55 /* MemoListViewController.swift in Sources */ = {isa = PBXBuildFile; fileRef = C7481C7125BBCF3900B9CA55 /* MemoListViewController.swift */; };
		C7481C7825BBCF3900B9CA55 /* CloudNotes.xcdatamodeld in Sources */ = {isa = PBXBuildFile; fileRef = C7481C7625BBCF3900B9CA55 /* CloudNotes.xcdatamodeld */; };
		C7481C7A25BBCF3A00B9CA55 /* Assets.xcassets in Resources */ = {isa = PBXBuildFile; fileRef = C7481C7925BBCF3A00B9CA55 /* Assets.xcassets */; };
		C7481C7D25BBCF3A00B9CA55 /* LaunchScreen.storyboard in Resources */ = {isa = PBXBuildFile; fileRef = C7481C7B25BBCF3A00B9CA55 /* LaunchScreen.storyboard */; };
		C7481C8825BBCF3A00B9CA55 /* CloudNotesTests.swift in Sources */ = {isa = PBXBuildFile; fileRef = C7481C8725BBCF3A00B9CA55 /* CloudNotesTests.swift */; };
		C7481C9325BBCF3A00B9CA55 /* CloudNotesUITests.swift in Sources */ = {isa = PBXBuildFile; fileRef = C7481C9225BBCF3A00B9CA55 /* CloudNotesUITests.swift */; };
/* End PBXBuildFile section */

/* Begin PBXContainerItemProxy section */
		C7481C8425BBCF3A00B9CA55 /* PBXContainerItemProxy */ = {
			isa = PBXContainerItemProxy;
			containerPortal = C7481C6225BBCF3900B9CA55 /* Project object */;
			proxyType = 1;
			remoteGlobalIDString = C7481C6925BBCF3900B9CA55;
			remoteInfo = CloudNotes;
		};
		C7481C8F25BBCF3A00B9CA55 /* PBXContainerItemProxy */ = {
			isa = PBXContainerItemProxy;
			containerPortal = C7481C6225BBCF3900B9CA55 /* Project object */;
			proxyType = 1;
			remoteGlobalIDString = C7481C6925BBCF3900B9CA55;
			remoteInfo = CloudNotes;
		};
/* End PBXContainerItemProxy section */

/* Begin PBXFileReference section */
		A82B6F5726EA215400ED0070 /* TextViewRelatedDataHolder.swift */ = {isa = PBXFileReference; lastKnownFileType = sourcecode.swift; path = TextViewRelatedDataHolder.swift; sourceTree = "<group>"; };
		A82B6F5926EB38A500ED0070 /* DateFormatter.swift */ = {isa = PBXFileReference; lastKnownFileType = sourcecode.swift; path = DateFormatter.swift; sourceTree = "<group>"; };
		A830336126DE100A00EA30DC /* .swiftlint.yml */ = {isa = PBXFileReference; lastKnownFileType = text.yaml; path = .swiftlint.yml; sourceTree = "<group>"; };
		A830336C26DF972100EA30DC /* JSONParser.swift */ = {isa = PBXFileReference; lastKnownFileType = sourcecode.swift; path = JSONParser.swift; sourceTree = "<group>"; };
		A830336E26DF976500EA30DC /* MemoDecodeModel.swift */ = {isa = PBXFileReference; lastKnownFileType = sourcecode.swift; path = MemoDecodeModel.swift; sourceTree = "<group>"; };
		A83033C326E1146F00EA30DC /* MemoListTableViewDataSource.swift */ = {isa = PBXFileReference; lastKnownFileType = sourcecode.swift; path = MemoListTableViewDataSource.swift; sourceTree = "<group>"; };
		A83033CC26E1240100EA30DC /* MemoListTableViewCell.swift */ = {isa = PBXFileReference; lastKnownFileType = sourcecode.swift; path = MemoListTableViewCell.swift; sourceTree = "<group>"; };
		A83033CF26E1256300EA30DC /* UIView.swift */ = {isa = PBXFileReference; lastKnownFileType = sourcecode.swift; path = UIView.swift; sourceTree = "<group>"; };
		A8480C1926F973B800286B37 /* CloudNotes_v2.xcdatamodel */ = {isa = PBXFileReference; lastKnownFileType = wrapper.xcdatamodel; path = CloudNotes_v2.xcdatamodel; sourceTree = "<group>"; };
		A8480C1A26F9743200286B37 /* CloudNotes_v2.xcmappingmodel */ = {isa = PBXFileReference; lastKnownFileType = wrapper.xcmappingmodel; path = CloudNotes_v2.xcmappingmodel; sourceTree = "<group>"; };
		A8480C1C26F9750A00286B37 /* Memo+CoreDataClass.swift */ = {isa = PBXFileReference; lastKnownFileType = sourcecode.swift; path = "Memo+CoreDataClass.swift"; sourceTree = "<group>"; };
		A8480C1D26F9750A00286B37 /* Memo+CoreDataProperties.swift */ = {isa = PBXFileReference; lastKnownFileType = sourcecode.swift; path = "Memo+CoreDataProperties.swift"; sourceTree = "<group>"; };
		A854899A26F03844001BF187 /* CoreDataAccessible.swift */ = {isa = PBXFileReference; lastKnownFileType = sourcecode.swift; path = CoreDataAccessible.swift; sourceTree = "<group>"; };
		A85489A126F0ECD8001BF187 /* String.swift */ = {isa = PBXFileReference; lastKnownFileType = sourcecode.swift; path = String.swift; sourceTree = "<group>"; };
		A85489A326F1D70C001BF187 /* SelectOptions.swift */ = {isa = PBXFileReference; lastKnownFileType = sourcecode.swift; path = SelectOptions.swift; sourceTree = "<group>"; };
		A85B476A26E4CA480070417B /* MemoDetailViewController.swift */ = {isa = PBXFileReference; lastKnownFileType = sourcecode.swift; path = MemoDetailViewController.swift; sourceTree = "<group>"; };
		A85B476C26E4D9000070417B /* SplitViewController.swift */ = {isa = PBXFileReference; lastKnownFileType = sourcecode.swift; path = SplitViewController.swift; sourceTree = "<group>"; };
		A85B477026E628760070417B /* CellContentDataHolder.swift */ = {isa = PBXFileReference; lastKnownFileType = sourcecode.swift; path = CellContentDataHolder.swift; sourceTree = "<group>"; };
		A872EFBF26ECBB2F00D2E499 /* CoreDataError.swift */ = {isa = PBXFileReference; lastKnownFileType = sourcecode.swift; path = CoreDataError.swift; sourceTree = "<group>"; };
		A872EFC326ECD82300D2E499 /* MemoDataManager.swift */ = {isa = PBXFileReference; lastKnownFileType = sourcecode.swift; path = MemoDataManager.swift; sourceTree = "<group>"; };
		C7481C6A25BBCF3900B9CA55 /* CloudNotes.app */ = {isa = PBXFileReference; explicitFileType = wrapper.application; includeInIndex = 0; path = CloudNotes.app; sourceTree = BUILT_PRODUCTS_DIR; };
		C7481C6D25BBCF3900B9CA55 /* AppDelegate.swift */ = {isa = PBXFileReference; lastKnownFileType = sourcecode.swift; path = AppDelegate.swift; sourceTree = "<group>"; };
		C7481C6F25BBCF3900B9CA55 /* SceneDelegate.swift */ = {isa = PBXFileReference; lastKnownFileType = sourcecode.swift; path = SceneDelegate.swift; sourceTree = "<group>"; };
		C7481C7125BBCF3900B9CA55 /* MemoListViewController.swift */ = {isa = PBXFileReference; lastKnownFileType = sourcecode.swift; path = MemoListViewController.swift; sourceTree = "<group>"; };
		C7481C7725BBCF3900B9CA55 /* CloudNotes.xcdatamodel */ = {isa = PBXFileReference; lastKnownFileType = wrapper.xcdatamodel; path = CloudNotes.xcdatamodel; sourceTree = "<group>"; };
		C7481C7925BBCF3A00B9CA55 /* Assets.xcassets */ = {isa = PBXFileReference; lastKnownFileType = folder.assetcatalog; path = Assets.xcassets; sourceTree = "<group>"; };
		C7481C7C25BBCF3A00B9CA55 /* Base */ = {isa = PBXFileReference; lastKnownFileType = file.storyboard; name = Base; path = Base.lproj/LaunchScreen.storyboard; sourceTree = "<group>"; };
		C7481C7E25BBCF3A00B9CA55 /* Info.plist */ = {isa = PBXFileReference; lastKnownFileType = text.plist.xml; path = Info.plist; sourceTree = "<group>"; };
		C7481C8325BBCF3A00B9CA55 /* CloudNotesTests.xctest */ = {isa = PBXFileReference; explicitFileType = wrapper.cfbundle; includeInIndex = 0; path = CloudNotesTests.xctest; sourceTree = BUILT_PRODUCTS_DIR; };
		C7481C8725BBCF3A00B9CA55 /* CloudNotesTests.swift */ = {isa = PBXFileReference; lastKnownFileType = sourcecode.swift; path = CloudNotesTests.swift; sourceTree = "<group>"; };
		C7481C8925BBCF3A00B9CA55 /* Info.plist */ = {isa = PBXFileReference; lastKnownFileType = text.plist.xml; path = Info.plist; sourceTree = "<group>"; };
		C7481C8E25BBCF3A00B9CA55 /* CloudNotesUITests.xctest */ = {isa = PBXFileReference; explicitFileType = wrapper.cfbundle; includeInIndex = 0; path = CloudNotesUITests.xctest; sourceTree = BUILT_PRODUCTS_DIR; };
		C7481C9225BBCF3A00B9CA55 /* CloudNotesUITests.swift */ = {isa = PBXFileReference; lastKnownFileType = sourcecode.swift; path = CloudNotesUITests.swift; sourceTree = "<group>"; };
		C7481C9425BBCF3A00B9CA55 /* Info.plist */ = {isa = PBXFileReference; lastKnownFileType = text.plist.xml; path = Info.plist; sourceTree = "<group>"; };
/* End PBXFileReference section */

/* Begin PBXFrameworksBuildPhase section */
		C7481C6725BBCF3900B9CA55 /* Frameworks */ = {
			isa = PBXFrameworksBuildPhase;
			buildActionMask = 2147483647;
			files = (
			);
			runOnlyForDeploymentPostprocessing = 0;
		};
		C7481C8025BBCF3A00B9CA55 /* Frameworks */ = {
			isa = PBXFrameworksBuildPhase;
			buildActionMask = 2147483647;
			files = (
			);
			runOnlyForDeploymentPostprocessing = 0;
		};
		C7481C8B25BBCF3A00B9CA55 /* Frameworks */ = {
			isa = PBXFrameworksBuildPhase;
			buildActionMask = 2147483647;
			files = (
			);
			runOnlyForDeploymentPostprocessing = 0;
		};
/* End PBXFrameworksBuildPhase section */

/* Begin PBXGroup section */
		A82B6F5B26EB4AB200ED0070 /* Holder */ = {
			isa = PBXGroup;
			children = (
				A82B6F5726EA215400ED0070 /* TextViewRelatedDataHolder.swift */,
				A85B477026E628760070417B /* CellContentDataHolder.swift */,
			);
			path = Holder;
			sourceTree = "<group>";
		};
		A830336726DF929A00EA30DC /* View */ = {
			isa = PBXGroup;
			children = (
				A854899E26F0B10D001BF187 /* Extension */,
				A8588C2226E7268D00F61A73 /* Cell */,
				C7481C7B25BBCF3A00B9CA55 /* LaunchScreen.storyboard */,
				A830336826DF92B100EA30DC /* Controller */,
			);
			path = View;
			sourceTree = "<group>";
		};
		A830336826DF92B100EA30DC /* Controller */ = {
			isa = PBXGroup;
			children = (
				A85B476C26E4D9000070417B /* SplitViewController.swift */,
				C7481C7125BBCF3900B9CA55 /* MemoListViewController.swift */,
				A85B476A26E4CA480070417B /* MemoDetailViewController.swift */,
			);
			path = Controller;
			sourceTree = "<group>";
		};
		A830336926DF92B700EA30DC /* Model */ = {
			isa = PBXGroup;
			children = (
				A854899C26F03851001BF187 /* Protocol */,
				A872EFBE26ECBB2300D2E499 /* Error */,
				A83033C926E11DAA00EA30DC /* PlaceHolder */,
				A83033CE26E1254600EA30DC /* Extension */,
				A82B6F5B26EB4AB200ED0070 /* Holder */,
			);
			path = Model;
			sourceTree = "<group>";
		};
		A830336A26DF92C500EA30DC /* AppLifeCycle */ = {
			isa = PBXGroup;
			children = (
				C7481C6D25BBCF3900B9CA55 /* AppDelegate.swift */,
				C7481C6F25BBCF3900B9CA55 /* SceneDelegate.swift */,
			);
			path = AppLifeCycle;
			sourceTree = "<group>";
		};
		A830337A26E0AC9800EA30DC /* Frameworks */ = {
			isa = PBXGroup;
			children = (
			);
			name = Frameworks;
			sourceTree = "<group>";
		};
		A83033C626E11CE400EA30DC /* Data */ = {
			isa = PBXGroup;
			children = (
				A83033C326E1146F00EA30DC /* MemoListTableViewDataSource.swift */,
				A872EFC326ECD82300D2E499 /* MemoDataManager.swift */,
			);
			path = Data;
			sourceTree = "<group>";
		};
		A83033C926E11DAA00EA30DC /* PlaceHolder */ = {
			isa = PBXGroup;
			children = (
				A85489A326F1D70C001BF187 /* SelectOptions.swift */,
			);
			path = PlaceHolder;
			sourceTree = "<group>";
		};
		A83033CE26E1254600EA30DC /* Extension */ = {
			isa = PBXGroup;
			children = (
				A82B6F5926EB38A500ED0070 /* DateFormatter.swift */,
				A85489A126F0ECD8001BF187 /* String.swift */,
			);
			path = Extension;
			sourceTree = "<group>";
		};
		A854899C26F03851001BF187 /* Protocol */ = {
			isa = PBXGroup;
			children = (
				A854899A26F03844001BF187 /* CoreDataAccessible.swift */,
			);
			path = Protocol;
			sourceTree = "<group>";
		};
		A854899D26F06EF0001BF187 /* Legacy */ = {
			isa = PBXGroup;
			children = (
				A830336E26DF976500EA30DC /* MemoDecodeModel.swift */,
				A830336C26DF972100EA30DC /* JSONParser.swift */,
			);
			path = Legacy;
			sourceTree = "<group>";
		};
		A854899E26F0B10D001BF187 /* Extension */ = {
			isa = PBXGroup;
			children = (
				A83033CF26E1256300EA30DC /* UIView.swift */,
			);
			path = Extension;
			sourceTree = "<group>";
		};
		A8588C2226E7268D00F61A73 /* Cell */ = {
			isa = PBXGroup;
			children = (
				A83033CC26E1240100EA30DC /* MemoListTableViewCell.swift */,
			);
			path = Cell;
			sourceTree = "<group>";
		};
		A872EFBE26ECBB2300D2E499 /* Error */ = {
			isa = PBXGroup;
			children = (
				A872EFBF26ECBB2F00D2E499 /* CoreDataError.swift */,
			);
			path = Error;
			sourceTree = "<group>";
		};
		C7481C6125BBCF3900B9CA55 = {
			isa = PBXGroup;
			children = (
				A8480C1C26F9750A00286B37 /* Memo+CoreDataClass.swift */,
				A8480C1D26F9750A00286B37 /* Memo+CoreDataProperties.swift */,
				A830336126DE100A00EA30DC /* .swiftlint.yml */,
				C7481C6C25BBCF3900B9CA55 /* CloudNotes */,
				C7481C8625BBCF3A00B9CA55 /* CloudNotesTests */,
				C7481C9125BBCF3A00B9CA55 /* CloudNotesUITests */,
				C7481C6B25BBCF3900B9CA55 /* Products */,
				A830337A26E0AC9800EA30DC /* Frameworks */,
			);
			sourceTree = "<group>";
		};
		C7481C6B25BBCF3900B9CA55 /* Products */ = {
			isa = PBXGroup;
			children = (
				C7481C6A25BBCF3900B9CA55 /* CloudNotes.app */,
				C7481C8325BBCF3A00B9CA55 /* CloudNotesTests.xctest */,
				C7481C8E25BBCF3A00B9CA55 /* CloudNotesUITests.xctest */,
			);
			name = Products;
			sourceTree = "<group>";
		};
		C7481C6C25BBCF3900B9CA55 /* CloudNotes */ = {
			isa = PBXGroup;
			children = (
				A854899D26F06EF0001BF187 /* Legacy */,
				A830336A26DF92C500EA30DC /* AppLifeCycle */,
				A830336926DF92B700EA30DC /* Model */,
				A83033C626E11CE400EA30DC /* Data */,
				A830336726DF929A00EA30DC /* View */,
				C7481C7925BBCF3A00B9CA55 /* Assets.xcassets */,
				C7481C7E25BBCF3A00B9CA55 /* Info.plist */,
				A8480C1A26F9743200286B37 /* CloudNotes_v2.xcmappingmodel */,
				C7481C7625BBCF3900B9CA55 /* CloudNotes.xcdatamodeld */,
			);
			path = CloudNotes;
			sourceTree = "<group>";
		};
		C7481C8625BBCF3A00B9CA55 /* CloudNotesTests */ = {
			isa = PBXGroup;
			children = (
				C7481C8725BBCF3A00B9CA55 /* CloudNotesTests.swift */,
				C7481C8925BBCF3A00B9CA55 /* Info.plist */,
			);
			path = CloudNotesTests;
			sourceTree = "<group>";
		};
		C7481C9125BBCF3A00B9CA55 /* CloudNotesUITests */ = {
			isa = PBXGroup;
			children = (
				C7481C9225BBCF3A00B9CA55 /* CloudNotesUITests.swift */,
				C7481C9425BBCF3A00B9CA55 /* Info.plist */,
			);
			path = CloudNotesUITests;
			sourceTree = "<group>";
		};
/* End PBXGroup section */

/* Begin PBXNativeTarget section */
		C7481C6925BBCF3900B9CA55 /* CloudNotes */ = {
			isa = PBXNativeTarget;
			buildConfigurationList = C7481C9725BBCF3A00B9CA55 /* Build configuration list for PBXNativeTarget "CloudNotes" */;
			buildPhases = (
				C7481C6625BBCF3900B9CA55 /* Sources */,
				C7481C6725BBCF3900B9CA55 /* Frameworks */,
				C7481C6825BBCF3900B9CA55 /* Resources */,
				A830336026DE082E00EA30DC /* ShellScript */,
			);
			buildRules = (
			);
			dependencies = (
			);
			name = CloudNotes;
			packageProductDependencies = (
			);
			productName = CloudNotes;
			productReference = C7481C6A25BBCF3900B9CA55 /* CloudNotes.app */;
			productType = "com.apple.product-type.application";
		};
		C7481C8225BBCF3A00B9CA55 /* CloudNotesTests */ = {
			isa = PBXNativeTarget;
			buildConfigurationList = C7481C9A25BBCF3A00B9CA55 /* Build configuration list for PBXNativeTarget "CloudNotesTests" */;
			buildPhases = (
				C7481C7F25BBCF3A00B9CA55 /* Sources */,
				C7481C8025BBCF3A00B9CA55 /* Frameworks */,
				C7481C8125BBCF3A00B9CA55 /* Resources */,
			);
			buildRules = (
			);
			dependencies = (
				C7481C8525BBCF3A00B9CA55 /* PBXTargetDependency */,
			);
			name = CloudNotesTests;
			productName = CloudNotesTests;
			productReference = C7481C8325BBCF3A00B9CA55 /* CloudNotesTests.xctest */;
			productType = "com.apple.product-type.bundle.unit-test";
		};
		C7481C8D25BBCF3A00B9CA55 /* CloudNotesUITests */ = {
			isa = PBXNativeTarget;
			buildConfigurationList = C7481C9D25BBCF3A00B9CA55 /* Build configuration list for PBXNativeTarget "CloudNotesUITests" */;
			buildPhases = (
				C7481C8A25BBCF3A00B9CA55 /* Sources */,
				C7481C8B25BBCF3A00B9CA55 /* Frameworks */,
				C7481C8C25BBCF3A00B9CA55 /* Resources */,
			);
			buildRules = (
			);
			dependencies = (
				C7481C9025BBCF3A00B9CA55 /* PBXTargetDependency */,
			);
			name = CloudNotesUITests;
			productName = CloudNotesUITests;
			productReference = C7481C8E25BBCF3A00B9CA55 /* CloudNotesUITests.xctest */;
			productType = "com.apple.product-type.bundle.ui-testing";
		};
/* End PBXNativeTarget section */

/* Begin PBXProject section */
		C7481C6225BBCF3900B9CA55 /* Project object */ = {
			isa = PBXProject;
			attributes = {
				LastSwiftUpdateCheck = 1230;
				LastUpgradeCheck = 1230;
				TargetAttributes = {
					C7481C6925BBCF3900B9CA55 = {
						CreatedOnToolsVersion = 12.3;
					};
					C7481C8225BBCF3A00B9CA55 = {
						CreatedOnToolsVersion = 12.3;
						TestTargetID = C7481C6925BBCF3900B9CA55;
					};
					C7481C8D25BBCF3A00B9CA55 = {
						CreatedOnToolsVersion = 12.3;
						TestTargetID = C7481C6925BBCF3900B9CA55;
					};
				};
			};
			buildConfigurationList = C7481C6525BBCF3900B9CA55 /* Build configuration list for PBXProject "CloudNotes" */;
			compatibilityVersion = "Xcode 9.3";
			developmentRegion = en;
			hasScannedForEncodings = 0;
			knownRegions = (
				en,
				Base,
			);
			mainGroup = C7481C6125BBCF3900B9CA55;
			packageReferences = (
				A830337926E0621F00EA30DC /* XCRemoteSwiftPackageReference "SwiftLint" */,
			);
			productRefGroup = C7481C6B25BBCF3900B9CA55 /* Products */;
			projectDirPath = "";
			projectRoot = "";
			targets = (
				C7481C6925BBCF3900B9CA55 /* CloudNotes */,
				C7481C8225BBCF3A00B9CA55 /* CloudNotesTests */,
				C7481C8D25BBCF3A00B9CA55 /* CloudNotesUITests */,
			);
		};
/* End PBXProject section */

/* Begin PBXResourcesBuildPhase section */
		C7481C6825BBCF3900B9CA55 /* Resources */ = {
			isa = PBXResourcesBuildPhase;
			buildActionMask = 2147483647;
			files = (
				A830336226DE100A00EA30DC /* .swiftlint.yml in Resources */,
				C7481C7D25BBCF3A00B9CA55 /* LaunchScreen.storyboard in Resources */,
				C7481C7A25BBCF3A00B9CA55 /* Assets.xcassets in Resources */,
			);
			runOnlyForDeploymentPostprocessing = 0;
		};
		C7481C8125BBCF3A00B9CA55 /* Resources */ = {
			isa = PBXResourcesBuildPhase;
			buildActionMask = 2147483647;
			files = (
			);
			runOnlyForDeploymentPostprocessing = 0;
		};
		C7481C8C25BBCF3A00B9CA55 /* Resources */ = {
			isa = PBXResourcesBuildPhase;
			buildActionMask = 2147483647;
			files = (
			);
			runOnlyForDeploymentPostprocessing = 0;
		};
/* End PBXResourcesBuildPhase section */

/* Begin PBXShellScriptBuildPhase section */
		A830336026DE082E00EA30DC /* ShellScript */ = {
			isa = PBXShellScriptBuildPhase;
			buildActionMask = 2147483647;
			files = (
			);
			inputFileListPaths = (
			);
			inputPaths = (
			);
			outputFileListPaths = (
			);
			outputPaths = (
			);
			runOnlyForDeploymentPostprocessing = 0;
			shellPath = /bin/sh;
			shellScript = "if which swiftlint >/dev/null; then\n  swiftlint\nelse\n  echo \"warning: SwiftLint not installed, download from https://github.com/realm/SwiftLint\"\nfi\n\n";
		};
/* End PBXShellScriptBuildPhase section */

/* Begin PBXSourcesBuildPhase section */
		C7481C6625BBCF3900B9CA55 /* Sources */ = {
			isa = PBXSourcesBuildPhase;
			buildActionMask = 2147483647;
			files = (
				A8480C1B26F9743200286B37 /* CloudNotes_v2.xcmappingmodel in Sources */,
				A82B6F5A26EB38A500ED0070 /* DateFormatter.swift in Sources */,
				A83033CD26E1240100EA30DC /* MemoListTableViewCell.swift in Sources */,
				C7481C7225BBCF3900B9CA55 /* MemoListViewController.swift in Sources */,
				A830336D26DF972100EA30DC /* JSONParser.swift in Sources */,
				A8480C1E26F9750A00286B37 /* Memo+CoreDataClass.swift in Sources */,
				A85B476B26E4CA480070417B /* MemoDetailViewController.swift in Sources */,
				A872EFC026ECBB2F00D2E499 /* CoreDataError.swift in Sources */,
				A83033D026E1256300EA30DC /* UIView.swift in Sources */,
				A85489A426F1D70C001BF187 /* SelectOptions.swift in Sources */,
				A8480C1F26F9750A00286B37 /* Memo+CoreDataProperties.swift in Sources */,
				A85B477126E628760070417B /* CellContentDataHolder.swift in Sources */,
				C7481C6E25BBCF3900B9CA55 /* AppDelegate.swift in Sources */,
				A85489A226F0ECD8001BF187 /* String.swift in Sources */,
				A83033C426E1146F00EA30DC /* MemoListTableViewDataSource.swift in Sources */,
				A85B476D26E4D9000070417B /* SplitViewController.swift in Sources */,
				A872EFC426ECD82300D2E499 /* MemoDataManager.swift in Sources */,
				A830336F26DF976500EA30DC /* MemoDecodeModel.swift in Sources */,
				A854899B26F03844001BF187 /* CoreDataAccessible.swift in Sources */,
				C7481C7025BBCF3900B9CA55 /* SceneDelegate.swift in Sources */,
				A82B6F5826EA215400ED0070 /* TextViewRelatedDataHolder.swift in Sources */,
				C7481C7825BBCF3900B9CA55 /* CloudNotes.xcdatamodeld in Sources */,
			);
			runOnlyForDeploymentPostprocessing = 0;
		};
		C7481C7F25BBCF3A00B9CA55 /* Sources */ = {
			isa = PBXSourcesBuildPhase;
			buildActionMask = 2147483647;
			files = (
				C7481C8825BBCF3A00B9CA55 /* CloudNotesTests.swift in Sources */,
			);
			runOnlyForDeploymentPostprocessing = 0;
		};
		C7481C8A25BBCF3A00B9CA55 /* Sources */ = {
			isa = PBXSourcesBuildPhase;
			buildActionMask = 2147483647;
			files = (
				C7481C9325BBCF3A00B9CA55 /* CloudNotesUITests.swift in Sources */,
			);
			runOnlyForDeploymentPostprocessing = 0;
		};
/* End PBXSourcesBuildPhase section */

/* Begin PBXTargetDependency section */
		C7481C8525BBCF3A00B9CA55 /* PBXTargetDependency */ = {
			isa = PBXTargetDependency;
			target = C7481C6925BBCF3900B9CA55 /* CloudNotes */;
			targetProxy = C7481C8425BBCF3A00B9CA55 /* PBXContainerItemProxy */;
		};
		C7481C9025BBCF3A00B9CA55 /* PBXTargetDependency */ = {
			isa = PBXTargetDependency;
			target = C7481C6925BBCF3900B9CA55 /* CloudNotes */;
			targetProxy = C7481C8F25BBCF3A00B9CA55 /* PBXContainerItemProxy */;
		};
/* End PBXTargetDependency section */

/* Begin PBXVariantGroup section */
		C7481C7B25BBCF3A00B9CA55 /* LaunchScreen.storyboard */ = {
			isa = PBXVariantGroup;
			children = (
				C7481C7C25BBCF3A00B9CA55 /* Base */,
			);
			name = LaunchScreen.storyboard;
			sourceTree = "<group>";
		};
/* End PBXVariantGroup section */

/* Begin XCBuildConfiguration section */
		C7481C9525BBCF3A00B9CA55 /* Debug */ = {
			isa = XCBuildConfiguration;
			buildSettings = {
				ALWAYS_SEARCH_USER_PATHS = NO;
				CLANG_ANALYZER_NONNULL = YES;
				CLANG_ANALYZER_NUMBER_OBJECT_CONVERSION = YES_AGGRESSIVE;
				CLANG_CXX_LANGUAGE_STANDARD = "gnu++14";
				CLANG_CXX_LIBRARY = "libc++";
				CLANG_ENABLE_MODULES = YES;
				CLANG_ENABLE_OBJC_ARC = YES;
				CLANG_ENABLE_OBJC_WEAK = YES;
				CLANG_WARN_BLOCK_CAPTURE_AUTORELEASING = YES;
				CLANG_WARN_BOOL_CONVERSION = YES;
				CLANG_WARN_COMMA = YES;
				CLANG_WARN_CONSTANT_CONVERSION = YES;
				CLANG_WARN_DEPRECATED_OBJC_IMPLEMENTATIONS = YES;
				CLANG_WARN_DIRECT_OBJC_ISA_USAGE = YES_ERROR;
				CLANG_WARN_DOCUMENTATION_COMMENTS = YES;
				CLANG_WARN_EMPTY_BODY = YES;
				CLANG_WARN_ENUM_CONVERSION = YES;
				CLANG_WARN_INFINITE_RECURSION = YES;
				CLANG_WARN_INT_CONVERSION = YES;
				CLANG_WARN_NON_LITERAL_NULL_CONVERSION = YES;
				CLANG_WARN_OBJC_IMPLICIT_RETAIN_SELF = YES;
				CLANG_WARN_OBJC_LITERAL_CONVERSION = YES;
				CLANG_WARN_OBJC_ROOT_CLASS = YES_ERROR;
				CLANG_WARN_QUOTED_INCLUDE_IN_FRAMEWORK_HEADER = YES;
				CLANG_WARN_RANGE_LOOP_ANALYSIS = YES;
				CLANG_WARN_STRICT_PROTOTYPES = YES;
				CLANG_WARN_SUSPICIOUS_MOVE = YES;
				CLANG_WARN_UNGUARDED_AVAILABILITY = YES_AGGRESSIVE;
				CLANG_WARN_UNREACHABLE_CODE = YES;
				CLANG_WARN__DUPLICATE_METHOD_MATCH = YES;
				COPY_PHASE_STRIP = NO;
				DEBUG_INFORMATION_FORMAT = dwarf;
				ENABLE_STRICT_OBJC_MSGSEND = YES;
				ENABLE_TESTABILITY = YES;
				GCC_C_LANGUAGE_STANDARD = gnu11;
				GCC_DYNAMIC_NO_PIC = NO;
				GCC_NO_COMMON_BLOCKS = YES;
				GCC_OPTIMIZATION_LEVEL = 0;
				GCC_PREPROCESSOR_DEFINITIONS = (
					"DEBUG=1",
					"$(inherited)",
				);
				GCC_WARN_64_TO_32_BIT_CONVERSION = YES;
				GCC_WARN_ABOUT_RETURN_TYPE = YES_ERROR;
				GCC_WARN_UNDECLARED_SELECTOR = YES;
				GCC_WARN_UNINITIALIZED_AUTOS = YES_AGGRESSIVE;
				GCC_WARN_UNUSED_FUNCTION = YES;
				GCC_WARN_UNUSED_VARIABLE = YES;
				IPHONEOS_DEPLOYMENT_TARGET = 14.3;
				MTL_ENABLE_DEBUG_INFO = INCLUDE_SOURCE;
				MTL_FAST_MATH = YES;
				ONLY_ACTIVE_ARCH = YES;
				SDKROOT = iphoneos;
				SWIFT_ACTIVE_COMPILATION_CONDITIONS = DEBUG;
				SWIFT_OPTIMIZATION_LEVEL = "-Onone";
			};
			name = Debug;
		};
		C7481C9625BBCF3A00B9CA55 /* Release */ = {
			isa = XCBuildConfiguration;
			buildSettings = {
				ALWAYS_SEARCH_USER_PATHS = NO;
				CLANG_ANALYZER_NONNULL = YES;
				CLANG_ANALYZER_NUMBER_OBJECT_CONVERSION = YES_AGGRESSIVE;
				CLANG_CXX_LANGUAGE_STANDARD = "gnu++14";
				CLANG_CXX_LIBRARY = "libc++";
				CLANG_ENABLE_MODULES = YES;
				CLANG_ENABLE_OBJC_ARC = YES;
				CLANG_ENABLE_OBJC_WEAK = YES;
				CLANG_WARN_BLOCK_CAPTURE_AUTORELEASING = YES;
				CLANG_WARN_BOOL_CONVERSION = YES;
				CLANG_WARN_COMMA = YES;
				CLANG_WARN_CONSTANT_CONVERSION = YES;
				CLANG_WARN_DEPRECATED_OBJC_IMPLEMENTATIONS = YES;
				CLANG_WARN_DIRECT_OBJC_ISA_USAGE = YES_ERROR;
				CLANG_WARN_DOCUMENTATION_COMMENTS = YES;
				CLANG_WARN_EMPTY_BODY = YES;
				CLANG_WARN_ENUM_CONVERSION = YES;
				CLANG_WARN_INFINITE_RECURSION = YES;
				CLANG_WARN_INT_CONVERSION = YES;
				CLANG_WARN_NON_LITERAL_NULL_CONVERSION = YES;
				CLANG_WARN_OBJC_IMPLICIT_RETAIN_SELF = YES;
				CLANG_WARN_OBJC_LITERAL_CONVERSION = YES;
				CLANG_WARN_OBJC_ROOT_CLASS = YES_ERROR;
				CLANG_WARN_QUOTED_INCLUDE_IN_FRAMEWORK_HEADER = YES;
				CLANG_WARN_RANGE_LOOP_ANALYSIS = YES;
				CLANG_WARN_STRICT_PROTOTYPES = YES;
				CLANG_WARN_SUSPICIOUS_MOVE = YES;
				CLANG_WARN_UNGUARDED_AVAILABILITY = YES_AGGRESSIVE;
				CLANG_WARN_UNREACHABLE_CODE = YES;
				CLANG_WARN__DUPLICATE_METHOD_MATCH = YES;
				COPY_PHASE_STRIP = NO;
				DEBUG_INFORMATION_FORMAT = "dwarf-with-dsym";
				ENABLE_NS_ASSERTIONS = NO;
				ENABLE_STRICT_OBJC_MSGSEND = YES;
				GCC_C_LANGUAGE_STANDARD = gnu11;
				GCC_NO_COMMON_BLOCKS = YES;
				GCC_WARN_64_TO_32_BIT_CONVERSION = YES;
				GCC_WARN_ABOUT_RETURN_TYPE = YES_ERROR;
				GCC_WARN_UNDECLARED_SELECTOR = YES;
				GCC_WARN_UNINITIALIZED_AUTOS = YES_AGGRESSIVE;
				GCC_WARN_UNUSED_FUNCTION = YES;
				GCC_WARN_UNUSED_VARIABLE = YES;
				IPHONEOS_DEPLOYMENT_TARGET = 14.3;
				MTL_ENABLE_DEBUG_INFO = NO;
				MTL_FAST_MATH = YES;
				SDKROOT = iphoneos;
				SWIFT_COMPILATION_MODE = wholemodule;
				SWIFT_OPTIMIZATION_LEVEL = "-O";
				VALIDATE_PRODUCT = YES;
			};
			name = Release;
		};
		C7481C9825BBCF3A00B9CA55 /* Debug */ = {
			isa = XCBuildConfiguration;
			buildSettings = {
				ASSETCATALOG_COMPILER_APPICON_NAME = AppIcon;
				ASSETCATALOG_COMPILER_GLOBAL_ACCENT_COLOR_NAME = AccentColor;
				CODE_SIGN_STYLE = Automatic;
				INFOPLIST_FILE = CloudNotes/Info.plist;
				LD_RUNPATH_SEARCH_PATHS = (
					"$(inherited)",
					"@executable_path/Frameworks",
				);
				PRODUCT_BUNDLE_IDENTIFIER = tacocat;
				PRODUCT_NAME = "$(TARGET_NAME)";
				SWIFT_VERSION = 5.0;
				TARGETED_DEVICE_FAMILY = "1,2";
			};
			name = Debug;
		};
		C7481C9925BBCF3A00B9CA55 /* Release */ = {
			isa = XCBuildConfiguration;
			buildSettings = {
				ASSETCATALOG_COMPILER_APPICON_NAME = AppIcon;
				ASSETCATALOG_COMPILER_GLOBAL_ACCENT_COLOR_NAME = AccentColor;
				CODE_SIGN_STYLE = Automatic;
				INFOPLIST_FILE = CloudNotes/Info.plist;
				LD_RUNPATH_SEARCH_PATHS = (
					"$(inherited)",
					"@executable_path/Frameworks",
				);
				PRODUCT_BUNDLE_IDENTIFIER = tacocat;
				PRODUCT_NAME = "$(TARGET_NAME)";
				SWIFT_VERSION = 5.0;
				TARGETED_DEVICE_FAMILY = "1,2";
			};
			name = Release;
		};
		C7481C9B25BBCF3A00B9CA55 /* Debug */ = {
			isa = XCBuildConfiguration;
			buildSettings = {
				ALWAYS_EMBED_SWIFT_STANDARD_LIBRARIES = YES;
				BUNDLE_LOADER = "$(TEST_HOST)";
				CODE_SIGN_STYLE = Automatic;
				INFOPLIST_FILE = CloudNotesTests/Info.plist;
				IPHONEOS_DEPLOYMENT_TARGET = 14.3;
				LD_RUNPATH_SEARCH_PATHS = (
					"$(inherited)",
					"@executable_path/Frameworks",
					"@loader_path/Frameworks",
				);
				PRODUCT_BUNDLE_IDENTIFIER = net.yagom.CloudNotesTests;
				PRODUCT_NAME = "$(TARGET_NAME)";
				SWIFT_VERSION = 5.0;
				TARGETED_DEVICE_FAMILY = "1,2";
				TEST_HOST = "$(BUILT_PRODUCTS_DIR)/CloudNotes.app/CloudNotes";
			};
			name = Debug;
		};
		C7481C9C25BBCF3A00B9CA55 /* Release */ = {
			isa = XCBuildConfiguration;
			buildSettings = {
				ALWAYS_EMBED_SWIFT_STANDARD_LIBRARIES = YES;
				BUNDLE_LOADER = "$(TEST_HOST)";
				CODE_SIGN_STYLE = Automatic;
				INFOPLIST_FILE = CloudNotesTests/Info.plist;
				IPHONEOS_DEPLOYMENT_TARGET = 14.3;
				LD_RUNPATH_SEARCH_PATHS = (
					"$(inherited)",
					"@executable_path/Frameworks",
					"@loader_path/Frameworks",
				);
				PRODUCT_BUNDLE_IDENTIFIER = net.yagom.CloudNotesTests;
				PRODUCT_NAME = "$(TARGET_NAME)";
				SWIFT_VERSION = 5.0;
				TARGETED_DEVICE_FAMILY = "1,2";
				TEST_HOST = "$(BUILT_PRODUCTS_DIR)/CloudNotes.app/CloudNotes";
			};
			name = Release;
		};
		C7481C9E25BBCF3A00B9CA55 /* Debug */ = {
			isa = XCBuildConfiguration;
			buildSettings = {
				ALWAYS_EMBED_SWIFT_STANDARD_LIBRARIES = YES;
				CODE_SIGN_STYLE = Automatic;
				INFOPLIST_FILE = CloudNotesUITests/Info.plist;
				LD_RUNPATH_SEARCH_PATHS = (
					"$(inherited)",
					"@executable_path/Frameworks",
					"@loader_path/Frameworks",
				);
				PRODUCT_BUNDLE_IDENTIFIER = net.yagom.CloudNotesUITests;
				PRODUCT_NAME = "$(TARGET_NAME)";
				SWIFT_VERSION = 5.0;
				TARGETED_DEVICE_FAMILY = "1,2";
				TEST_TARGET_NAME = CloudNotes;
			};
			name = Debug;
		};
		C7481C9F25BBCF3A00B9CA55 /* Release */ = {
			isa = XCBuildConfiguration;
			buildSettings = {
				ALWAYS_EMBED_SWIFT_STANDARD_LIBRARIES = YES;
				CODE_SIGN_STYLE = Automatic;
				INFOPLIST_FILE = CloudNotesUITests/Info.plist;
				LD_RUNPATH_SEARCH_PATHS = (
					"$(inherited)",
					"@executable_path/Frameworks",
					"@loader_path/Frameworks",
				);
				PRODUCT_BUNDLE_IDENTIFIER = net.yagom.CloudNotesUITests;
				PRODUCT_NAME = "$(TARGET_NAME)";
				SWIFT_VERSION = 5.0;
				TARGETED_DEVICE_FAMILY = "1,2";
				TEST_TARGET_NAME = CloudNotes;
			};
			name = Release;
		};
/* End XCBuildConfiguration section */

/* Begin XCConfigurationList section */
		C7481C6525BBCF3900B9CA55 /* Build configuration list for PBXProject "CloudNotes" */ = {
			isa = XCConfigurationList;
			buildConfigurations = (
				C7481C9525BBCF3A00B9CA55 /* Debug */,
				C7481C9625BBCF3A00B9CA55 /* Release */,
			);
			defaultConfigurationIsVisible = 0;
			defaultConfigurationName = Release;
		};
		C7481C9725BBCF3A00B9CA55 /* Build configuration list for PBXNativeTarget "CloudNotes" */ = {
			isa = XCConfigurationList;
			buildConfigurations = (
				C7481C9825BBCF3A00B9CA55 /* Debug */,
				C7481C9925BBCF3A00B9CA55 /* Release */,
			);
			defaultConfigurationIsVisible = 0;
			defaultConfigurationName = Release;
		};
		C7481C9A25BBCF3A00B9CA55 /* Build configuration list for PBXNativeTarget "CloudNotesTests" */ = {
			isa = XCConfigurationList;
			buildConfigurations = (
				C7481C9B25BBCF3A00B9CA55 /* Debug */,
				C7481C9C25BBCF3A00B9CA55 /* Release */,
			);
			defaultConfigurationIsVisible = 0;
			defaultConfigurationName = Release;
		};
		C7481C9D25BBCF3A00B9CA55 /* Build configuration list for PBXNativeTarget "CloudNotesUITests" */ = {
			isa = XCConfigurationList;
			buildConfigurations = (
				C7481C9E25BBCF3A00B9CA55 /* Debug */,
				C7481C9F25BBCF3A00B9CA55 /* Release */,
			);
			defaultConfigurationIsVisible = 0;
			defaultConfigurationName = Release;
		};
/* End XCConfigurationList section */

/* Begin XCRemoteSwiftPackageReference section */
		A830337926E0621F00EA30DC /* XCRemoteSwiftPackageReference "SwiftLint" */ = {
			isa = XCRemoteSwiftPackageReference;
			repositoryURL = "https://github.com/realm/SwiftLint.git";
			requirement = {
				branch = master;
				kind = branch;
			};
		};
/* End XCRemoteSwiftPackageReference section */

/* Begin XCVersionGroup section */
		C7481C7625BBCF3900B9CA55 /* CloudNotes.xcdatamodeld */ = {
			isa = XCVersionGroup;
			children = (
				A8480C1926F973B800286B37 /* CloudNotes_v2.xcdatamodel */,
				C7481C7725BBCF3900B9CA55 /* CloudNotes.xcdatamodel */,
			);
			currentVersion = A8480C1926F973B800286B37 /* CloudNotes_v2.xcdatamodel */;
			path = CloudNotes.xcdatamodeld;
			sourceTree = "<group>";
			versionGroupType = wrapper.xcdatamodel;
		};
/* End XCVersionGroup section */
	};
	rootObject = C7481C6225BBCF3900B9CA55 /* Project object */;
}
