// !$*UTF8*$!
{
	archiveVersion = 1;
	classes = {
	};
	objectVersion = 50;
	objects = {

/* Begin PBXBuildFile section */
		0876ABDC27B2407D009304B8 /* NoteListViewController.swift in Sources */ = {isa = PBXBuildFile; fileRef = 0876ABDB27B2407D009304B8 /* NoteListViewController.swift */; };
		0876ABDE27B240BE009304B8 /* NoteDetailViewController.swift in Sources */ = {isa = PBXBuildFile; fileRef = 0876ABDD27B240BE009304B8 /* NoteDetailViewController.swift */; };
		0876ABE027B2624E009304B8 /* NoteListCell.swift in Sources */ = {isa = PBXBuildFile; fileRef = 0876ABDF27B2624E009304B8 /* NoteListCell.swift */; };
		20F9A7F38954600CDB775017 /* Pods_CloudNotes.framework in Frameworks */ = {isa = PBXBuildFile; fileRef = B211C59CCF38987F31CCC931 /* Pods_CloudNotes.framework */; };
		480AE5A827B2518B007106D0 /* NoteDetailScrollView.swift in Sources */ = {isa = PBXBuildFile; fileRef = 480AE5A727B2518B007106D0 /* NoteDetailScrollView.swift */; };
		484E80F127B10CDC00AEB70F /* JSONParser.swift in Sources */ = {isa = PBXBuildFile; fileRef = 484E80F027B10CDC00AEB70F /* JSONParser.swift */; };
		487AB3B027B1018500968C43 /* .swiftlint.yml in Resources */ = {isa = PBXBuildFile; fileRef = 487AB3AF27B1018500968C43 /* .swiftlint.yml */; };
		48F4C2C627BA51DA002BB381 /* String+Extension.swift in Sources */ = {isa = PBXBuildFile; fileRef = 48F4C2C527BA51DA002BB381 /* String+Extension.swift */; };
		C7481C6E25BBCF3900B9CA55 /* AppDelegate.swift in Sources */ = {isa = PBXBuildFile; fileRef = C7481C6D25BBCF3900B9CA55 /* AppDelegate.swift */; };
		C7481C7025BBCF3900B9CA55 /* SceneDelegate.swift in Sources */ = {isa = PBXBuildFile; fileRef = C7481C6F25BBCF3900B9CA55 /* SceneDelegate.swift */; };
		C7481C7225BBCF3900B9CA55 /* CloudNotesSplitViewController.swift in Sources */ = {isa = PBXBuildFile; fileRef = C7481C7125BBCF3900B9CA55 /* CloudNotesSplitViewController.swift */; };
		C7481C7825BBCF3900B9CA55 /* CloudNotes.xcdatamodeld in Sources */ = {isa = PBXBuildFile; fileRef = C7481C7625BBCF3900B9CA55 /* CloudNotes.xcdatamodeld */; };
		C7481C7A25BBCF3A00B9CA55 /* Assets.xcassets in Resources */ = {isa = PBXBuildFile; fileRef = C7481C7925BBCF3A00B9CA55 /* Assets.xcassets */; };
		C7481C7D25BBCF3A00B9CA55 /* LaunchScreen.storyboard in Resources */ = {isa = PBXBuildFile; fileRef = C7481C7B25BBCF3A00B9CA55 /* LaunchScreen.storyboard */; };
		C7481C8825BBCF3A00B9CA55 /* JSONParserTests.swift in Sources */ = {isa = PBXBuildFile; fileRef = C7481C8725BBCF3A00B9CA55 /* JSONParserTests.swift */; };
		C7481C9325BBCF3A00B9CA55 /* CloudNotesUITests.swift in Sources */ = {isa = PBXBuildFile; fileRef = C7481C9225BBCF3A00B9CA55 /* CloudNotesUITests.swift */; };
		C7628583242A1411673C15AD /* Pods_CloudNotes_CloudNotesUITests.framework in Frameworks */ = {isa = PBXBuildFile; fileRef = B6964DB5D42D161049D6D22A /* Pods_CloudNotes_CloudNotesUITests.framework */; };
		E0FA19602168B3F0C669A611 /* Pods_CloudNotesTests.framework in Frameworks */ = {isa = PBXBuildFile; fileRef = 2DA81AC9582489ADDC4D70B6 /* Pods_CloudNotesTests.framework */; };
		F33959EC27BA2DF0005C213C /* ImageNames.swift in Sources */ = {isa = PBXBuildFile; fileRef = F33959EB27BA2DF0005C213C /* ImageNames.swift */; };
		F33959EE27BA3021005C213C /* AssetFileNames.swift in Sources */ = {isa = PBXBuildFile; fileRef = F33959ED27BA3021005C213C /* AssetFileNames.swift */; };
		F366B04627B1091F00EDC8EC /* NoteInformation.swift in Sources */ = {isa = PBXBuildFile; fileRef = F366B04527B1091E00EDC8EC /* NoteInformation.swift */; };
		F39A442427B2932100E7EF2A /* CloudNotesDataSource.swift in Sources */ = {isa = PBXBuildFile; fileRef = F39A442327B2932100E7EF2A /* CloudNotesDataSource.swift */; };
/* End PBXBuildFile section */

/* Begin PBXContainerItemProxy section */
		C7481C8425BBCF3A00B9CA55 /* PBXContainerItemProxy */ = {
			isa = PBXContainerItemProxy;
			containerPortal = C7481C6225BBCF3900B9CA55 /* Project object */;
			proxyType = 1;
			remoteGlobalIDString = C7481C6925BBCF3900B9CA55;
			remoteInfo = CloudNotes;
		};
		C7481C8F25BBCF3A00B9CA55 /* PBXContainerItemProxy */ = {
			isa = PBXContainerItemProxy;
			containerPortal = C7481C6225BBCF3900B9CA55 /* Project object */;
			proxyType = 1;
			remoteGlobalIDString = C7481C6925BBCF3900B9CA55;
			remoteInfo = CloudNotes;
		};
/* End PBXContainerItemProxy section */

/* Begin PBXFileReference section */
		0876ABDB27B2407D009304B8 /* NoteListViewController.swift */ = {isa = PBXFileReference; lastKnownFileType = sourcecode.swift; path = NoteListViewController.swift; sourceTree = "<group>"; };
		0876ABDD27B240BE009304B8 /* NoteDetailViewController.swift */ = {isa = PBXFileReference; lastKnownFileType = sourcecode.swift; path = NoteDetailViewController.swift; sourceTree = "<group>"; };
		0876ABDF27B2624E009304B8 /* NoteListCell.swift */ = {isa = PBXFileReference; lastKnownFileType = sourcecode.swift; path = NoteListCell.swift; sourceTree = "<group>"; };
		1A98A52C452174D9EDA1BF4B /* Pods-CloudNotesTests.release.xcconfig */ = {isa = PBXFileReference; includeInIndex = 1; lastKnownFileType = text.xcconfig; name = "Pods-CloudNotesTests.release.xcconfig"; path = "Target Support Files/Pods-CloudNotesTests/Pods-CloudNotesTests.release.xcconfig"; sourceTree = "<group>"; };
		28061B643D312169EA4BA258 /* Pods-CloudNotesTests.debug.xcconfig */ = {isa = PBXFileReference; includeInIndex = 1; lastKnownFileType = text.xcconfig; name = "Pods-CloudNotesTests.debug.xcconfig"; path = "Target Support Files/Pods-CloudNotesTests/Pods-CloudNotesTests.debug.xcconfig"; sourceTree = "<group>"; };
		2DA81AC9582489ADDC4D70B6 /* Pods_CloudNotesTests.framework */ = {isa = PBXFileReference; explicitFileType = wrapper.framework; includeInIndex = 0; path = Pods_CloudNotesTests.framework; sourceTree = BUILT_PRODUCTS_DIR; };
		480AE5A727B2518B007106D0 /* NoteDetailScrollView.swift */ = {isa = PBXFileReference; lastKnownFileType = sourcecode.swift; path = NoteDetailScrollView.swift; sourceTree = "<group>"; };
		484E80F027B10CDC00AEB70F /* JSONParser.swift */ = {isa = PBXFileReference; lastKnownFileType = sourcecode.swift; path = JSONParser.swift; sourceTree = "<group>"; };
		487AB3AF27B1018500968C43 /* .swiftlint.yml */ = {isa = PBXFileReference; lastKnownFileType = text.yaml; path = .swiftlint.yml; sourceTree = "<group>"; };
		48F4C2C527BA51DA002BB381 /* String+Extension.swift */ = {isa = PBXFileReference; lastKnownFileType = sourcecode.swift; path = "String+Extension.swift"; sourceTree = "<group>"; };
		7B6FD3DAD20A7054B411A5D3 /* Pods-CloudNotes.release.xcconfig */ = {isa = PBXFileReference; includeInIndex = 1; lastKnownFileType = text.xcconfig; name = "Pods-CloudNotes.release.xcconfig"; path = "Target Support Files/Pods-CloudNotes/Pods-CloudNotes.release.xcconfig"; sourceTree = "<group>"; };
		AA153EAB0EB558881F6F8F97 /* Pods-CloudNotes-CloudNotesUITests.release.xcconfig */ = {isa = PBXFileReference; includeInIndex = 1; lastKnownFileType = text.xcconfig; name = "Pods-CloudNotes-CloudNotesUITests.release.xcconfig"; path = "Target Support Files/Pods-CloudNotes-CloudNotesUITests/Pods-CloudNotes-CloudNotesUITests.release.xcconfig"; sourceTree = "<group>"; };
		B211C59CCF38987F31CCC931 /* Pods_CloudNotes.framework */ = {isa = PBXFileReference; explicitFileType = wrapper.framework; includeInIndex = 0; path = Pods_CloudNotes.framework; sourceTree = BUILT_PRODUCTS_DIR; };
		B6964DB5D42D161049D6D22A /* Pods_CloudNotes_CloudNotesUITests.framework */ = {isa = PBXFileReference; explicitFileType = wrapper.framework; includeInIndex = 0; path = Pods_CloudNotes_CloudNotesUITests.framework; sourceTree = BUILT_PRODUCTS_DIR; };
		C7481C6A25BBCF3900B9CA55 /* CloudNotes.app */ = {isa = PBXFileReference; explicitFileType = wrapper.application; includeInIndex = 0; path = CloudNotes.app; sourceTree = BUILT_PRODUCTS_DIR; };
		C7481C6D25BBCF3900B9CA55 /* AppDelegate.swift */ = {isa = PBXFileReference; lastKnownFileType = sourcecode.swift; path = AppDelegate.swift; sourceTree = "<group>"; };
		C7481C6F25BBCF3900B9CA55 /* SceneDelegate.swift */ = {isa = PBXFileReference; lastKnownFileType = sourcecode.swift; path = SceneDelegate.swift; sourceTree = "<group>"; };
		C7481C7125BBCF3900B9CA55 /* CloudNotesSplitViewController.swift */ = {isa = PBXFileReference; lastKnownFileType = sourcecode.swift; path = CloudNotesSplitViewController.swift; sourceTree = "<group>"; };
		C7481C7725BBCF3900B9CA55 /* CloudNotes.xcdatamodel */ = {isa = PBXFileReference; lastKnownFileType = wrapper.xcdatamodel; path = CloudNotes.xcdatamodel; sourceTree = "<group>"; };
		C7481C7925BBCF3A00B9CA55 /* Assets.xcassets */ = {isa = PBXFileReference; lastKnownFileType = folder.assetcatalog; path = Assets.xcassets; sourceTree = "<group>"; };
		C7481C7C25BBCF3A00B9CA55 /* Base */ = {isa = PBXFileReference; lastKnownFileType = file.storyboard; name = Base; path = Base.lproj/LaunchScreen.storyboard; sourceTree = "<group>"; };
		C7481C7E25BBCF3A00B9CA55 /* Info.plist */ = {isa = PBXFileReference; lastKnownFileType = text.plist.xml; path = Info.plist; sourceTree = "<group>"; };
		C7481C8325BBCF3A00B9CA55 /* CloudNotesTests.xctest */ = {isa = PBXFileReference; explicitFileType = wrapper.cfbundle; includeInIndex = 0; path = CloudNotesTests.xctest; sourceTree = BUILT_PRODUCTS_DIR; };
		C7481C8725BBCF3A00B9CA55 /* JSONParserTests.swift */ = {isa = PBXFileReference; lastKnownFileType = sourcecode.swift; path = JSONParserTests.swift; sourceTree = "<group>"; };
		C7481C8925BBCF3A00B9CA55 /* Info.plist */ = {isa = PBXFileReference; lastKnownFileType = text.plist.xml; path = Info.plist; sourceTree = "<group>"; };
		C7481C8E25BBCF3A00B9CA55 /* CloudNotesUITests.xctest */ = {isa = PBXFileReference; explicitFileType = wrapper.cfbundle; includeInIndex = 0; path = CloudNotesUITests.xctest; sourceTree = BUILT_PRODUCTS_DIR; };
		C7481C9225BBCF3A00B9CA55 /* CloudNotesUITests.swift */ = {isa = PBXFileReference; lastKnownFileType = sourcecode.swift; path = CloudNotesUITests.swift; sourceTree = "<group>"; };
		C7481C9425BBCF3A00B9CA55 /* Info.plist */ = {isa = PBXFileReference; lastKnownFileType = text.plist.xml; path = Info.plist; sourceTree = "<group>"; };
		CD178FFF518F83FE7B3023E2 /* Pods-CloudNotes-CloudNotesUITests.debug.xcconfig */ = {isa = PBXFileReference; includeInIndex = 1; lastKnownFileType = text.xcconfig; name = "Pods-CloudNotes-CloudNotesUITests.debug.xcconfig"; path = "Target Support Files/Pods-CloudNotes-CloudNotesUITests/Pods-CloudNotes-CloudNotesUITests.debug.xcconfig"; sourceTree = "<group>"; };
		F33959EB27BA2DF0005C213C /* ImageNames.swift */ = {isa = PBXFileReference; lastKnownFileType = sourcecode.swift; path = ImageNames.swift; sourceTree = "<group>"; };
		F33959ED27BA3021005C213C /* AssetFileNames.swift */ = {isa = PBXFileReference; lastKnownFileType = sourcecode.swift; path = AssetFileNames.swift; sourceTree = "<group>"; };
		F366B04527B1091E00EDC8EC /* NoteInformation.swift */ = {isa = PBXFileReference; lastKnownFileType = sourcecode.swift; path = NoteInformation.swift; sourceTree = "<group>"; };
		F39A442327B2932100E7EF2A /* CloudNotesDataSource.swift */ = {isa = PBXFileReference; lastKnownFileType = sourcecode.swift; path = CloudNotesDataSource.swift; sourceTree = "<group>"; };
		FC0E62716ABB31B332F0C997 /* Pods-CloudNotes.debug.xcconfig */ = {isa = PBXFileReference; includeInIndex = 1; lastKnownFileType = text.xcconfig; name = "Pods-CloudNotes.debug.xcconfig"; path = "Target Support Files/Pods-CloudNotes/Pods-CloudNotes.debug.xcconfig"; sourceTree = "<group>"; };
/* End PBXFileReference section */

/* Begin PBXFrameworksBuildPhase section */
		C7481C6725BBCF3900B9CA55 /* Frameworks */ = {
			isa = PBXFrameworksBuildPhase;
			buildActionMask = 2147483647;
			files = (
				20F9A7F38954600CDB775017 /* Pods_CloudNotes.framework in Frameworks */,
			);
			runOnlyForDeploymentPostprocessing = 0;
		};
		C7481C8025BBCF3A00B9CA55 /* Frameworks */ = {
			isa = PBXFrameworksBuildPhase;
			buildActionMask = 2147483647;
			files = (
				E0FA19602168B3F0C669A611 /* Pods_CloudNotesTests.framework in Frameworks */,
			);
			runOnlyForDeploymentPostprocessing = 0;
		};
		C7481C8B25BBCF3A00B9CA55 /* Frameworks */ = {
			isa = PBXFrameworksBuildPhase;
			buildActionMask = 2147483647;
			files = (
				C7628583242A1411673C15AD /* Pods_CloudNotes_CloudNotesUITests.framework in Frameworks */,
			);
			runOnlyForDeploymentPostprocessing = 0;
		};
/* End PBXFrameworksBuildPhase section */

/* Begin PBXGroup section */
		0876ABD727B23D7C009304B8 /* Controller */ = {
			isa = PBXGroup;
			children = (
				C7481C7125BBCF3900B9CA55 /* CloudNotesSplitViewController.swift */,
				0876ABDB27B2407D009304B8 /* NoteListViewController.swift */,
				0876ABDD27B240BE009304B8 /* NoteDetailViewController.swift */,
				F39A442327B2932100E7EF2A /* CloudNotesDataSource.swift */,
			);
			path = Controller;
			sourceTree = "<group>";
		};
		0876ABD827B23D87009304B8 /* View */ = {
			isa = PBXGroup;
			children = (
				C7481C7B25BBCF3A00B9CA55 /* LaunchScreen.storyboard */,
				480AE5A727B2518B007106D0 /* NoteDetailScrollView.swift */,
				0876ABDF27B2624E009304B8 /* NoteListCell.swift */,
			);
			path = View;
			sourceTree = "<group>";
		};
		0876ABD927B23DAB009304B8 /* AppLiftCycle */ = {
			isa = PBXGroup;
			children = (
				C7481C6F25BBCF3900B9CA55 /* SceneDelegate.swift */,
				C7481C6D25BBCF3900B9CA55 /* AppDelegate.swift */,
			);
			path = AppLiftCycle;
			sourceTree = "<group>";
		};
		0876ABDA27B23DE5009304B8 /* Utility */ = {
			isa = PBXGroup;
			children = (
				484E80F027B10CDC00AEB70F /* JSONParser.swift */,
			);
			path = Utility;
			sourceTree = "<group>";
		};
		484E80EF27B10C6C00AEB70F /* Model */ = {
			isa = PBXGroup;
			children = (
				F366B04527B1091E00EDC8EC /* NoteInformation.swift */,
				F33959EB27BA2DF0005C213C /* ImageNames.swift */,
				F33959ED27BA3021005C213C /* AssetFileNames.swift */,
			);
			path = Model;
			sourceTree = "<group>";
		};
		48F4C2C427BA51C1002BB381 /* Extension */ = {
			isa = PBXGroup;
			children = (
				48F4C2C527BA51DA002BB381 /* String+Extension.swift */,
			);
			path = Extension;
			sourceTree = "<group>";
		};
		5C50AB7025F1D0B87996B0BD /* Pods */ = {
			isa = PBXGroup;
			children = (
				FC0E62716ABB31B332F0C997 /* Pods-CloudNotes.debug.xcconfig */,
				7B6FD3DAD20A7054B411A5D3 /* Pods-CloudNotes.release.xcconfig */,
				CD178FFF518F83FE7B3023E2 /* Pods-CloudNotes-CloudNotesUITests.debug.xcconfig */,
				AA153EAB0EB558881F6F8F97 /* Pods-CloudNotes-CloudNotesUITests.release.xcconfig */,
				28061B643D312169EA4BA258 /* Pods-CloudNotesTests.debug.xcconfig */,
				1A98A52C452174D9EDA1BF4B /* Pods-CloudNotesTests.release.xcconfig */,
			);
			path = Pods;
			sourceTree = "<group>";
		};
		A02917FE57DA117D55F5EA6D /* Frameworks */ = {
			isa = PBXGroup;
			children = (
				B211C59CCF38987F31CCC931 /* Pods_CloudNotes.framework */,
				B6964DB5D42D161049D6D22A /* Pods_CloudNotes_CloudNotesUITests.framework */,
				2DA81AC9582489ADDC4D70B6 /* Pods_CloudNotesTests.framework */,
			);
			name = Frameworks;
			sourceTree = "<group>";
		};
		C7481C6125BBCF3900B9CA55 = {
			isa = PBXGroup;
			children = (
				487AB3AF27B1018500968C43 /* .swiftlint.yml */,
				C7481C6C25BBCF3900B9CA55 /* CloudNotes */,
				C7481C8625BBCF3A00B9CA55 /* CloudNotesTests */,
				C7481C9125BBCF3A00B9CA55 /* CloudNotesUITests */,
				C7481C6B25BBCF3900B9CA55 /* Products */,
				5C50AB7025F1D0B87996B0BD /* Pods */,
				A02917FE57DA117D55F5EA6D /* Frameworks */,
			);
			sourceTree = "<group>";
		};
		C7481C6B25BBCF3900B9CA55 /* Products */ = {
			isa = PBXGroup;
			children = (
				C7481C6A25BBCF3900B9CA55 /* CloudNotes.app */,
				C7481C8325BBCF3A00B9CA55 /* CloudNotesTests.xctest */,
				C7481C8E25BBCF3A00B9CA55 /* CloudNotesUITests.xctest */,
			);
			name = Products;
			sourceTree = "<group>";
		};
		C7481C6C25BBCF3900B9CA55 /* CloudNotes */ = {
			isa = PBXGroup;
			children = (
				0876ABD927B23DAB009304B8 /* AppLiftCycle */,
				484E80EF27B10C6C00AEB70F /* Model */,
				0876ABD827B23D87009304B8 /* View */,
				0876ABD727B23D7C009304B8 /* Controller */,
				0876ABDA27B23DE5009304B8 /* Utility */,
				48F4C2C427BA51C1002BB381 /* Extension */,
				C7481C7925BBCF3A00B9CA55 /* Assets.xcassets */,
				C7481C7E25BBCF3A00B9CA55 /* Info.plist */,
				C7481C7625BBCF3900B9CA55 /* CloudNotes.xcdatamodeld */,
			);
			path = CloudNotes;
			sourceTree = "<group>";
		};
		C7481C8625BBCF3A00B9CA55 /* CloudNotesTests */ = {
			isa = PBXGroup;
			children = (
				C7481C8725BBCF3A00B9CA55 /* JSONParserTests.swift */,
				C7481C8925BBCF3A00B9CA55 /* Info.plist */,
			);
			path = CloudNotesTests;
			sourceTree = "<group>";
		};
		C7481C9125BBCF3A00B9CA55 /* CloudNotesUITests */ = {
			isa = PBXGroup;
			children = (
				C7481C9225BBCF3A00B9CA55 /* CloudNotesUITests.swift */,
				C7481C9425BBCF3A00B9CA55 /* Info.plist */,
			);
			path = CloudNotesUITests;
			sourceTree = "<group>";
		};
/* End PBXGroup section */

/* Begin PBXNativeTarget section */
		C7481C6925BBCF3900B9CA55 /* CloudNotes */ = {
			isa = PBXNativeTarget;
			buildConfigurationList = C7481C9725BBCF3A00B9CA55 /* Build configuration list for PBXNativeTarget "CloudNotes" */;
			buildPhases = (
				36435F7FB334B55E8C3C1D44 /* [CP] Check Pods Manifest.lock */,
				C7481C6625BBCF3900B9CA55 /* Sources */,
				C7481C6725BBCF3900B9CA55 /* Frameworks */,
				C7481C6825BBCF3900B9CA55 /* Resources */,
				487AB3AE27B1012D00968C43 /* Swift Lint */,
			);
			buildRules = (
			);
			dependencies = (
			);
			name = CloudNotes;
			productName = CloudNotes;
			productReference = C7481C6A25BBCF3900B9CA55 /* CloudNotes.app */;
			productType = "com.apple.product-type.application";
		};
		C7481C8225BBCF3A00B9CA55 /* CloudNotesTests */ = {
			isa = PBXNativeTarget;
			buildConfigurationList = C7481C9A25BBCF3A00B9CA55 /* Build configuration list for PBXNativeTarget "CloudNotesTests" */;
			buildPhases = (
				83EA49FA302A287C41EEA3BC /* [CP] Check Pods Manifest.lock */,
				C7481C7F25BBCF3A00B9CA55 /* Sources */,
				C7481C8025BBCF3A00B9CA55 /* Frameworks */,
				C7481C8125BBCF3A00B9CA55 /* Resources */,
			);
			buildRules = (
			);
			dependencies = (
				C7481C8525BBCF3A00B9CA55 /* PBXTargetDependency */,
			);
			name = CloudNotesTests;
			productName = CloudNotesTests;
			productReference = C7481C8325BBCF3A00B9CA55 /* CloudNotesTests.xctest */;
			productType = "com.apple.product-type.bundle.unit-test";
		};
		C7481C8D25BBCF3A00B9CA55 /* CloudNotesUITests */ = {
			isa = PBXNativeTarget;
			buildConfigurationList = C7481C9D25BBCF3A00B9CA55 /* Build configuration list for PBXNativeTarget "CloudNotesUITests" */;
			buildPhases = (
				EF865C606F869C25BC7B796F /* [CP] Check Pods Manifest.lock */,
				C7481C8A25BBCF3A00B9CA55 /* Sources */,
				C7481C8B25BBCF3A00B9CA55 /* Frameworks */,
				C7481C8C25BBCF3A00B9CA55 /* Resources */,
			);
			buildRules = (
			);
			dependencies = (
				C7481C9025BBCF3A00B9CA55 /* PBXTargetDependency */,
			);
			name = CloudNotesUITests;
			productName = CloudNotesUITests;
			productReference = C7481C8E25BBCF3A00B9CA55 /* CloudNotesUITests.xctest */;
			productType = "com.apple.product-type.bundle.ui-testing";
		};
/* End PBXNativeTarget section */

/* Begin PBXProject section */
		C7481C6225BBCF3900B9CA55 /* Project object */ = {
			isa = PBXProject;
			attributes = {
				LastSwiftUpdateCheck = 1230;
				LastUpgradeCheck = 1230;
				TargetAttributes = {
					C7481C6925BBCF3900B9CA55 = {
						CreatedOnToolsVersion = 12.3;
					};
					C7481C8225BBCF3A00B9CA55 = {
						CreatedOnToolsVersion = 12.3;
						TestTargetID = C7481C6925BBCF3900B9CA55;
					};
					C7481C8D25BBCF3A00B9CA55 = {
						CreatedOnToolsVersion = 12.3;
						TestTargetID = C7481C6925BBCF3900B9CA55;
					};
				};
			};
			buildConfigurationList = C7481C6525BBCF3900B9CA55 /* Build configuration list for PBXProject "CloudNotes" */;
			compatibilityVersion = "Xcode 9.3";
			developmentRegion = en;
			hasScannedForEncodings = 0;
			knownRegions = (
				en,
				Base,
			);
			mainGroup = C7481C6125BBCF3900B9CA55;
			productRefGroup = C7481C6B25BBCF3900B9CA55 /* Products */;
			projectDirPath = "";
			projectRoot = "";
			targets = (
				C7481C6925BBCF3900B9CA55 /* CloudNotes */,
				C7481C8225BBCF3A00B9CA55 /* CloudNotesTests */,
				C7481C8D25BBCF3A00B9CA55 /* CloudNotesUITests */,
			);
		};
/* End PBXProject section */

/* Begin PBXResourcesBuildPhase section */
		C7481C6825BBCF3900B9CA55 /* Resources */ = {
			isa = PBXResourcesBuildPhase;
			buildActionMask = 2147483647;
			files = (
				487AB3B027B1018500968C43 /* .swiftlint.yml in Resources */,
				C7481C7D25BBCF3A00B9CA55 /* LaunchScreen.storyboard in Resources */,
				C7481C7A25BBCF3A00B9CA55 /* Assets.xcassets in Resources */,
			);
			runOnlyForDeploymentPostprocessing = 0;
		};
		C7481C8125BBCF3A00B9CA55 /* Resources */ = {
			isa = PBXResourcesBuildPhase;
			buildActionMask = 2147483647;
			files = (
			);
			runOnlyForDeploymentPostprocessing = 0;
		};
		C7481C8C25BBCF3A00B9CA55 /* Resources */ = {
			isa = PBXResourcesBuildPhase;
			buildActionMask = 2147483647;
			files = (
			);
			runOnlyForDeploymentPostprocessing = 0;
		};
/* End PBXResourcesBuildPhase section */

/* Begin PBXShellScriptBuildPhase section */
		36435F7FB334B55E8C3C1D44 /* [CP] Check Pods Manifest.lock */ = {
			isa = PBXShellScriptBuildPhase;
			buildActionMask = 2147483647;
			files = (
			);
			inputFileListPaths = (
			);
			inputPaths = (
				"${PODS_PODFILE_DIR_PATH}/Podfile.lock",
				"${PODS_ROOT}/Manifest.lock",
			);
			name = "[CP] Check Pods Manifest.lock";
			outputFileListPaths = (
			);
			outputPaths = (
				"$(DERIVED_FILE_DIR)/Pods-CloudNotes-checkManifestLockResult.txt",
			);
			runOnlyForDeploymentPostprocessing = 0;
			shellPath = /bin/sh;
			shellScript = "diff \"${PODS_PODFILE_DIR_PATH}/Podfile.lock\" \"${PODS_ROOT}/Manifest.lock\" > /dev/null\nif [ $? != 0 ] ; then\n    # print error to STDERR\n    echo \"error: The sandbox is not in sync with the Podfile.lock. Run 'pod install' or update your CocoaPods installation.\" >&2\n    exit 1\nfi\n# This output is used by Xcode 'outputs' to avoid re-running this script phase.\necho \"SUCCESS\" > \"${SCRIPT_OUTPUT_FILE_0}\"\n";
			showEnvVarsInLog = 0;
		};
		487AB3AE27B1012D00968C43 /* Swift Lint */ = {
			isa = PBXShellScriptBuildPhase;
			buildActionMask = 2147483647;
			files = (
			);
			inputFileListPaths = (
			);
			inputPaths = (
			);
			name = "Swift Lint";
			outputFileListPaths = (
			);
			outputPaths = (
			);
			runOnlyForDeploymentPostprocessing = 0;
			shellPath = /bin/sh;
			shellScript = "${PODS_ROOT}/SwiftLint/swiftlint\n";
		};
		83EA49FA302A287C41EEA3BC /* [CP] Check Pods Manifest.lock */ = {
			isa = PBXShellScriptBuildPhase;
			buildActionMask = 2147483647;
			files = (
			);
			inputFileListPaths = (
			);
			inputPaths = (
				"${PODS_PODFILE_DIR_PATH}/Podfile.lock",
				"${PODS_ROOT}/Manifest.lock",
			);
			name = "[CP] Check Pods Manifest.lock";
			outputFileListPaths = (
			);
			outputPaths = (
				"$(DERIVED_FILE_DIR)/Pods-CloudNotesTests-checkManifestLockResult.txt",
			);
			runOnlyForDeploymentPostprocessing = 0;
			shellPath = /bin/sh;
			shellScript = "diff \"${PODS_PODFILE_DIR_PATH}/Podfile.lock\" \"${PODS_ROOT}/Manifest.lock\" > /dev/null\nif [ $? != 0 ] ; then\n    # print error to STDERR\n    echo \"error: The sandbox is not in sync with the Podfile.lock. Run 'pod install' or update your CocoaPods installation.\" >&2\n    exit 1\nfi\n# This output is used by Xcode 'outputs' to avoid re-running this script phase.\necho \"SUCCESS\" > \"${SCRIPT_OUTPUT_FILE_0}\"\n";
			showEnvVarsInLog = 0;
		};
		EF865C606F869C25BC7B796F /* [CP] Check Pods Manifest.lock */ = {
			isa = PBXShellScriptBuildPhase;
			buildActionMask = 2147483647;
			files = (
			);
			inputFileListPaths = (
			);
			inputPaths = (
				"${PODS_PODFILE_DIR_PATH}/Podfile.lock",
				"${PODS_ROOT}/Manifest.lock",
			);
			name = "[CP] Check Pods Manifest.lock";
			outputFileListPaths = (
			);
			outputPaths = (
				"$(DERIVED_FILE_DIR)/Pods-CloudNotes-CloudNotesUITests-checkManifestLockResult.txt",
			);
			runOnlyForDeploymentPostprocessing = 0;
			shellPath = /bin/sh;
			shellScript = "diff \"${PODS_PODFILE_DIR_PATH}/Podfile.lock\" \"${PODS_ROOT}/Manifest.lock\" > /dev/null\nif [ $? != 0 ] ; then\n    # print error to STDERR\n    echo \"error: The sandbox is not in sync with the Podfile.lock. Run 'pod install' or update your CocoaPods installation.\" >&2\n    exit 1\nfi\n# This output is used by Xcode 'outputs' to avoid re-running this script phase.\necho \"SUCCESS\" > \"${SCRIPT_OUTPUT_FILE_0}\"\n";
			showEnvVarsInLog = 0;
		};
/* End PBXShellScriptBuildPhase section */

/* Begin PBXSourcesBuildPhase section */
		C7481C6625BBCF3900B9CA55 /* Sources */ = {
			isa = PBXSourcesBuildPhase;
			buildActionMask = 2147483647;
			files = (
				C7481C7225BBCF3900B9CA55 /* CloudNotesSplitViewController.swift in Sources */,
				0876ABE027B2624E009304B8 /* NoteListCell.swift in Sources */,
				F33959EC27BA2DF0005C213C /* ImageNames.swift in Sources */,
				0876ABDE27B240BE009304B8 /* NoteDetailViewController.swift in Sources */,
				0876ABDC27B2407D009304B8 /* NoteListViewController.swift in Sources */,
				480AE5A827B2518B007106D0 /* NoteDetailScrollView.swift in Sources */,
				C7481C6E25BBCF3900B9CA55 /* AppDelegate.swift in Sources */,
				484E80F127B10CDC00AEB70F /* JSONParser.swift in Sources */,
				48F4C2C627BA51DA002BB381 /* String+Extension.swift in Sources */,
				C7481C7025BBCF3900B9CA55 /* SceneDelegate.swift in Sources */,
				F33959EE27BA3021005C213C /* AssetFileNames.swift in Sources */,
				F39A442427B2932100E7EF2A /* CloudNotesDataSource.swift in Sources */,
				C7481C7825BBCF3900B9CA55 /* CloudNotes.xcdatamodeld in Sources */,
				F366B04627B1091F00EDC8EC /* NoteInformation.swift in Sources */,
			);
			runOnlyForDeploymentPostprocessing = 0;
		};
		C7481C7F25BBCF3A00B9CA55 /* Sources */ = {
			isa = PBXSourcesBuildPhase;
			buildActionMask = 2147483647;
			files = (
				C7481C8825BBCF3A00B9CA55 /* JSONParserTests.swift in Sources */,
			);
			runOnlyForDeploymentPostprocessing = 0;
		};
		C7481C8A25BBCF3A00B9CA55 /* Sources */ = {
			isa = PBXSourcesBuildPhase;
			buildActionMask = 2147483647;
			files = (
				C7481C9325BBCF3A00B9CA55 /* CloudNotesUITests.swift in Sources */,
			);
			runOnlyForDeploymentPostprocessing = 0;
		};
/* End PBXSourcesBuildPhase section */

/* Begin PBXTargetDependency section */
		C7481C8525BBCF3A00B9CA55 /* PBXTargetDependency */ = {
			isa = PBXTargetDependency;
			target = C7481C6925BBCF3900B9CA55 /* CloudNotes */;
			targetProxy = C7481C8425BBCF3A00B9CA55 /* PBXContainerItemProxy */;
		};
		C7481C9025BBCF3A00B9CA55 /* PBXTargetDependency */ = {
			isa = PBXTargetDependency;
			target = C7481C6925BBCF3900B9CA55 /* CloudNotes */;
			targetProxy = C7481C8F25BBCF3A00B9CA55 /* PBXContainerItemProxy */;
		};
/* End PBXTargetDependency section */

/* Begin PBXVariantGroup section */
		C7481C7B25BBCF3A00B9CA55 /* LaunchScreen.storyboard */ = {
			isa = PBXVariantGroup;
			children = (
				C7481C7C25BBCF3A00B9CA55 /* Base */,
			);
			name = LaunchScreen.storyboard;
			sourceTree = "<group>";
		};
/* End PBXVariantGroup section */

/* Begin XCBuildConfiguration section */
		C7481C9525BBCF3A00B9CA55 /* Debug */ = {
			isa = XCBuildConfiguration;
			buildSettings = {
				ALWAYS_SEARCH_USER_PATHS = NO;
				CLANG_ANALYZER_NONNULL = YES;
				CLANG_ANALYZER_NUMBER_OBJECT_CONVERSION = YES_AGGRESSIVE;
				CLANG_CXX_LANGUAGE_STANDARD = "gnu++14";
				CLANG_CXX_LIBRARY = "libc++";
				CLANG_ENABLE_MODULES = YES;
				CLANG_ENABLE_OBJC_ARC = YES;
				CLANG_ENABLE_OBJC_WEAK = YES;
				CLANG_WARN_BLOCK_CAPTURE_AUTORELEASING = YES;
				CLANG_WARN_BOOL_CONVERSION = YES;
				CLANG_WARN_COMMA = YES;
				CLANG_WARN_CONSTANT_CONVERSION = YES;
				CLANG_WARN_DEPRECATED_OBJC_IMPLEMENTATIONS = YES;
				CLANG_WARN_DIRECT_OBJC_ISA_USAGE = YES_ERROR;
				CLANG_WARN_DOCUMENTATION_COMMENTS = YES;
				CLANG_WARN_EMPTY_BODY = YES;
				CLANG_WARN_ENUM_CONVERSION = YES;
				CLANG_WARN_INFINITE_RECURSION = YES;
				CLANG_WARN_INT_CONVERSION = YES;
				CLANG_WARN_NON_LITERAL_NULL_CONVERSION = YES;
				CLANG_WARN_OBJC_IMPLICIT_RETAIN_SELF = YES;
				CLANG_WARN_OBJC_LITERAL_CONVERSION = YES;
				CLANG_WARN_OBJC_ROOT_CLASS = YES_ERROR;
				CLANG_WARN_QUOTED_INCLUDE_IN_FRAMEWORK_HEADER = YES;
				CLANG_WARN_RANGE_LOOP_ANALYSIS = YES;
				CLANG_WARN_STRICT_PROTOTYPES = YES;
				CLANG_WARN_SUSPICIOUS_MOVE = YES;
				CLANG_WARN_UNGUARDED_AVAILABILITY = YES_AGGRESSIVE;
				CLANG_WARN_UNREACHABLE_CODE = YES;
				CLANG_WARN__DUPLICATE_METHOD_MATCH = YES;
				COPY_PHASE_STRIP = NO;
				DEBUG_INFORMATION_FORMAT = dwarf;
				ENABLE_STRICT_OBJC_MSGSEND = YES;
				ENABLE_TESTABILITY = YES;
				GCC_C_LANGUAGE_STANDARD = gnu11;
				GCC_DYNAMIC_NO_PIC = NO;
				GCC_NO_COMMON_BLOCKS = YES;
				GCC_OPTIMIZATION_LEVEL = 0;
				GCC_PREPROCESSOR_DEFINITIONS = (
					"DEBUG=1",
					"$(inherited)",
				);
				GCC_WARN_64_TO_32_BIT_CONVERSION = YES;
				GCC_WARN_ABOUT_RETURN_TYPE = YES_ERROR;
				GCC_WARN_UNDECLARED_SELECTOR = YES;
				GCC_WARN_UNINITIALIZED_AUTOS = YES_AGGRESSIVE;
				GCC_WARN_UNUSED_FUNCTION = YES;
				GCC_WARN_UNUSED_VARIABLE = YES;
				IPHONEOS_DEPLOYMENT_TARGET = 14.3;
				MTL_ENABLE_DEBUG_INFO = INCLUDE_SOURCE;
				MTL_FAST_MATH = YES;
				ONLY_ACTIVE_ARCH = YES;
				SDKROOT = iphoneos;
				SWIFT_ACTIVE_COMPILATION_CONDITIONS = DEBUG;
				SWIFT_OPTIMIZATION_LEVEL = "-Onone";
			};
			name = Debug;
		};
		C7481C9625BBCF3A00B9CA55 /* Release */ = {
			isa = XCBuildConfiguration;
			buildSettings = {
				ALWAYS_SEARCH_USER_PATHS = NO;
				CLANG_ANALYZER_NONNULL = YES;
				CLANG_ANALYZER_NUMBER_OBJECT_CONVERSION = YES_AGGRESSIVE;
				CLANG_CXX_LANGUAGE_STANDARD = "gnu++14";
				CLANG_CXX_LIBRARY = "libc++";
				CLANG_ENABLE_MODULES = YES;
				CLANG_ENABLE_OBJC_ARC = YES;
				CLANG_ENABLE_OBJC_WEAK = YES;
				CLANG_WARN_BLOCK_CAPTURE_AUTORELEASING = YES;
				CLANG_WARN_BOOL_CONVERSION = YES;
				CLANG_WARN_COMMA = YES;
				CLANG_WARN_CONSTANT_CONVERSION = YES;
				CLANG_WARN_DEPRECATED_OBJC_IMPLEMENTATIONS = YES;
				CLANG_WARN_DIRECT_OBJC_ISA_USAGE = YES_ERROR;
				CLANG_WARN_DOCUMENTATION_COMMENTS = YES;
				CLANG_WARN_EMPTY_BODY = YES;
				CLANG_WARN_ENUM_CONVERSION = YES;
				CLANG_WARN_INFINITE_RECURSION = YES;
				CLANG_WARN_INT_CONVERSION = YES;
				CLANG_WARN_NON_LITERAL_NULL_CONVERSION = YES;
				CLANG_WARN_OBJC_IMPLICIT_RETAIN_SELF = YES;
				CLANG_WARN_OBJC_LITERAL_CONVERSION = YES;
				CLANG_WARN_OBJC_ROOT_CLASS = YES_ERROR;
				CLANG_WARN_QUOTED_INCLUDE_IN_FRAMEWORK_HEADER = YES;
				CLANG_WARN_RANGE_LOOP_ANALYSIS = YES;
				CLANG_WARN_STRICT_PROTOTYPES = YES;
				CLANG_WARN_SUSPICIOUS_MOVE = YES;
				CLANG_WARN_UNGUARDED_AVAILABILITY = YES_AGGRESSIVE;
				CLANG_WARN_UNREACHABLE_CODE = YES;
				CLANG_WARN__DUPLICATE_METHOD_MATCH = YES;
				COPY_PHASE_STRIP = NO;
				DEBUG_INFORMATION_FORMAT = "dwarf-with-dsym";
				ENABLE_NS_ASSERTIONS = NO;
				ENABLE_STRICT_OBJC_MSGSEND = YES;
				GCC_C_LANGUAGE_STANDARD = gnu11;
				GCC_NO_COMMON_BLOCKS = YES;
				GCC_WARN_64_TO_32_BIT_CONVERSION = YES;
				GCC_WARN_ABOUT_RETURN_TYPE = YES_ERROR;
				GCC_WARN_UNDECLARED_SELECTOR = YES;
				GCC_WARN_UNINITIALIZED_AUTOS = YES_AGGRESSIVE;
				GCC_WARN_UNUSED_FUNCTION = YES;
				GCC_WARN_UNUSED_VARIABLE = YES;
				IPHONEOS_DEPLOYMENT_TARGET = 14.3;
				MTL_ENABLE_DEBUG_INFO = NO;
				MTL_FAST_MATH = YES;
				SDKROOT = iphoneos;
				SWIFT_COMPILATION_MODE = wholemodule;
				SWIFT_OPTIMIZATION_LEVEL = "-O";
				VALIDATE_PRODUCT = YES;
			};
			name = Release;
		};
		C7481C9825BBCF3A00B9CA55 /* Debug */ = {
			isa = XCBuildConfiguration;
			baseConfigurationReference = FC0E62716ABB31B332F0C997 /* Pods-CloudNotes.debug.xcconfig */;
			buildSettings = {
				ASSETCATALOG_COMPILER_APPICON_NAME = AppIcon;
				ASSETCATALOG_COMPILER_GLOBAL_ACCENT_COLOR_NAME = AccentColor;
				CODE_SIGN_STYLE = Automatic;
				INFOPLIST_FILE = CloudNotes/Info.plist;
				LD_RUNPATH_SEARCH_PATHS = (
					"$(inherited)",
					"@executable_path/Frameworks",
				);
				PRODUCT_BUNDLE_IDENTIFIER = com.jehoheo;
				PRODUCT_NAME = "$(TARGET_NAME)";
				SWIFT_VERSION = 5.0;
				TARGETED_DEVICE_FAMILY = "1,2";
			};
			name = Debug;
		};
		C7481C9925BBCF3A00B9CA55 /* Release */ = {
			isa = XCBuildConfiguration;
			baseConfigurationReference = 7B6FD3DAD20A7054B411A5D3 /* Pods-CloudNotes.release.xcconfig */;
			buildSettings = {
				ASSETCATALOG_COMPILER_APPICON_NAME = AppIcon;
				ASSETCATALOG_COMPILER_GLOBAL_ACCENT_COLOR_NAME = AccentColor;
				CODE_SIGN_STYLE = Automatic;
				INFOPLIST_FILE = CloudNotes/Info.plist;
				LD_RUNPATH_SEARCH_PATHS = (
					"$(inherited)",
					"@executable_path/Frameworks",
				);
				PRODUCT_BUNDLE_IDENTIFIER = com.jehoheo;
				PRODUCT_NAME = "$(TARGET_NAME)";
				SWIFT_VERSION = 5.0;
				TARGETED_DEVICE_FAMILY = "1,2";
			};
			name = Release;
		};
		C7481C9B25BBCF3A00B9CA55 /* Debug */ = {
			isa = XCBuildConfiguration;
			baseConfigurationReference = 28061B643D312169EA4BA258 /* Pods-CloudNotesTests.debug.xcconfig */;
			buildSettings = {
				ALWAYS_EMBED_SWIFT_STANDARD_LIBRARIES = YES;
				BUNDLE_LOADER = "$(TEST_HOST)";
				CODE_SIGN_STYLE = Automatic;
				INFOPLIST_FILE = CloudNotesTests/Info.plist;
				IPHONEOS_DEPLOYMENT_TARGET = 14.3;
				LD_RUNPATH_SEARCH_PATHS = (
					"$(inherited)",
					"@executable_path/Frameworks",
					"@loader_path/Frameworks",
				);
				PRODUCT_BUNDLE_IDENTIFIER = net.yagom.CloudNotesTests;
				PRODUCT_NAME = "$(TARGET_NAME)";
				SWIFT_VERSION = 5.0;
				TARGETED_DEVICE_FAMILY = "1,2";
				TEST_HOST = "$(BUILT_PRODUCTS_DIR)/CloudNotes.app/CloudNotes";
			};
			name = Debug;
		};
		C7481C9C25BBCF3A00B9CA55 /* Release */ = {
			isa = XCBuildConfiguration;
			baseConfigurationReference = 1A98A52C452174D9EDA1BF4B /* Pods-CloudNotesTests.release.xcconfig */;
			buildSettings = {
				ALWAYS_EMBED_SWIFT_STANDARD_LIBRARIES = YES;
				BUNDLE_LOADER = "$(TEST_HOST)";
				CODE_SIGN_STYLE = Automatic;
				INFOPLIST_FILE = CloudNotesTests/Info.plist;
				IPHONEOS_DEPLOYMENT_TARGET = 14.3;
				LD_RUNPATH_SEARCH_PATHS = (
					"$(inherited)",
					"@executable_path/Frameworks",
					"@loader_path/Frameworks",
				);
				PRODUCT_BUNDLE_IDENTIFIER = net.yagom.CloudNotesTests;
				PRODUCT_NAME = "$(TARGET_NAME)";
				SWIFT_VERSION = 5.0;
				TARGETED_DEVICE_FAMILY = "1,2";
				TEST_HOST = "$(BUILT_PRODUCTS_DIR)/CloudNotes.app/CloudNotes";
			};
			name = Release;
		};
		C7481C9E25BBCF3A00B9CA55 /* Debug */ = {
			isa = XCBuildConfiguration;
			baseConfigurationReference = CD178FFF518F83FE7B3023E2 /* Pods-CloudNotes-CloudNotesUITests.debug.xcconfig */;
			buildSettings = {
				ALWAYS_EMBED_SWIFT_STANDARD_LIBRARIES = YES;
				CODE_SIGN_STYLE = Automatic;
				INFOPLIST_FILE = CloudNotesUITests/Info.plist;
				LD_RUNPATH_SEARCH_PATHS = (
					"$(inherited)",
					"@executable_path/Frameworks",
					"@loader_path/Frameworks",
				);
				PRODUCT_BUNDLE_IDENTIFIER = net.yagom.CloudNotesUITests;
				PRODUCT_NAME = "$(TARGET_NAME)";
				SWIFT_VERSION = 5.0;
				TARGETED_DEVICE_FAMILY = "1,2";
				TEST_TARGET_NAME = CloudNotes;
			};
			name = Debug;
		};
		C7481C9F25BBCF3A00B9CA55 /* Release */ = {
			isa = XCBuildConfiguration;
			baseConfigurationReference = AA153EAB0EB558881F6F8F97 /* Pods-CloudNotes-CloudNotesUITests.release.xcconfig */;
			buildSettings = {
				ALWAYS_EMBED_SWIFT_STANDARD_LIBRARIES = YES;
				CODE_SIGN_STYLE = Automatic;
				INFOPLIST_FILE = CloudNotesUITests/Info.plist;
				LD_RUNPATH_SEARCH_PATHS = (
					"$(inherited)",
					"@executable_path/Frameworks",
					"@loader_path/Frameworks",
				);
				PRODUCT_BUNDLE_IDENTIFIER = net.yagom.CloudNotesUITests;
				PRODUCT_NAME = "$(TARGET_NAME)";
				SWIFT_VERSION = 5.0;
				TARGETED_DEVICE_FAMILY = "1,2";
				TEST_TARGET_NAME = CloudNotes;
			};
			name = Release;
		};
/* End XCBuildConfiguration section */

/* Begin XCConfigurationList section */
		C7481C6525BBCF3900B9CA55 /* Build configuration list for PBXProject "CloudNotes" */ = {
			isa = XCConfigurationList;
			buildConfigurations = (
				C7481C9525BBCF3A00B9CA55 /* Debug */,
				C7481C9625BBCF3A00B9CA55 /* Release */,
			);
			defaultConfigurationIsVisible = 0;
			defaultConfigurationName = Release;
		};
		C7481C9725BBCF3A00B9CA55 /* Build configuration list for PBXNativeTarget "CloudNotes" */ = {
			isa = XCConfigurationList;
			buildConfigurations = (
				C7481C9825BBCF3A00B9CA55 /* Debug */,
				C7481C9925BBCF3A00B9CA55 /* Release */,
			);
			defaultConfigurationIsVisible = 0;
			defaultConfigurationName = Release;
		};
		C7481C9A25BBCF3A00B9CA55 /* Build configuration list for PBXNativeTarget "CloudNotesTests" */ = {
			isa = XCConfigurationList;
			buildConfigurations = (
				C7481C9B25BBCF3A00B9CA55 /* Debug */,
				C7481C9C25BBCF3A00B9CA55 /* Release */,
			);
			defaultConfigurationIsVisible = 0;
			defaultConfigurationName = Release;
		};
		C7481C9D25BBCF3A00B9CA55 /* Build configuration list for PBXNativeTarget "CloudNotesUITests" */ = {
			isa = XCConfigurationList;
			buildConfigurations = (
				C7481C9E25BBCF3A00B9CA55 /* Debug */,
				C7481C9F25BBCF3A00B9CA55 /* Release */,
			);
			defaultConfigurationIsVisible = 0;
			defaultConfigurationName = Release;
		};
/* End XCConfigurationList section */

/* Begin XCVersionGroup section */
		C7481C7625BBCF3900B9CA55 /* CloudNotes.xcdatamodeld */ = {
			isa = XCVersionGroup;
			children = (
				C7481C7725BBCF3900B9CA55 /* CloudNotes.xcdatamodel */,
			);
			currentVersion = C7481C7725BBCF3900B9CA55 /* CloudNotes.xcdatamodel */;
			path = CloudNotes.xcdatamodeld;
			sourceTree = "<group>";
			versionGroupType = wrapper.xcdatamodel;
		};
/* End XCVersionGroup section */
	};
	rootObject = C7481C6225BBCF3900B9CA55 /* Project object */;
}
