PODS:
  - Alamofire (4.9.1)
  - SwiftyDropbox (7.0.1):
    - Alamofire (~> 4.9.1)

DEPENDENCIES:
  - SwiftyDropbox

SPEC REPOS:
  trunk:
    - Alamofire
    - SwiftyDropbox

SPEC CHECKSUMS:
  Alamofire: 85e8a02c69d6020a0d734f6054870d7ecb75cf18
  SwiftyDropbox: e38f83d00b189930edc645b3b955c18133c6a13d

PODFILE CHECKSUM: 36d117d90182d37a873637d5d9809f39c306b799

COCOAPODS: 1.10.1
