{
  "object": {
    "pins": [
      {
        "package": "Alamofire",
        "repositoryURL": "https://github.com/Alamofire/Alamofire.git",
        "state": {
          "branch": null,
          "revision": "f82c23a8a7ef8dc1a49a8bfc6a96883e79121864",
          "version": "5.5.0"
        }
      },
      {
        "package": "SwiftyDropbox",
        "repositoryURL": "https://github.com/dropbox/SwiftyDropbox.git",
        "state": {
          "branch": null,
          "revision": "7af87d903be1cf0af0e76e0394d992943055894e",
          "version": "8.2.1"
        }
      }
    ]
  },
  "version": 1
}
